{
  "lockfile_version": "1",
  "packages": {
    "act@latest": {
      "last_modified": "2025-02-16T09:28:34Z",
      "resolved": "github:NixOS/nixpkgs/b1b43d32be000928cc71250ed77f4a0a5f2bc23a#act",
      "source": "devbox-search",
      "version": "0.2.74",
      "systems": {
        "aarch64-darwin": {
          "outputs": [
            {
              "name": "out",
              "path": "/nix/store/qr4rayifhcjqrga4y5cdz8zxm9r3qjny-act-0.2.74",
              "default": true
            }
          ],
          "store_path": "/nix/store/qr4rayifhcjqrga4y5cdz8zxm9r3qjny-act-0.2.74"
        },
        "aarch64-linux": {
          "outputs": [
            {
              "name": "out",
              "path": "/nix/store/xn5byyqpzl8ar9al6d6l7zvs6i35z72m-act-0.2.74",
              "default": true
            }
          ],
          "store_path": "/nix/store/xn5byyqpzl8ar9al6d6l7zvs6i35z72m-act-0.2.74"
        },
        "x86_64-darwin": {
          "outputs": [
            {
              "name": "out",
              "path": "/nix/store/7mlzpsqzx34v7ymf9nbdpsv8v7kndjcq-act-0.2.74",
              "default": true
            }
          ],
          "store_path": "/nix/store/7mlzpsqzx34v7ymf9nbdpsv8v7kndjcq-act-0.2.74"
        },
        "x86_64-linux": {
          "outputs": [
            {
              "name": "out",
              "path": "/nix/store/x6vas4fnkabdq7767h7n4yvl0s38nx2w-act-0.2.74",
              "default": true
            }
          ],
          "store_path": "/nix/store/x6vas4fnkabdq7767h7n4yvl0s38nx2w-act-0.2.74"
        }
      }
    },
    "awscli2@latest": {
      "last_modified": "2025-02-28T17:02:31Z",
      "resolved": "github:NixOS/nixpkgs/5954d3359cc7178623da6c7fd23dc7f7504d7187#awscli2",
      "source": "devbox-search",
      "version": "2.24.7",
      "systems": {
        "aarch64-darwin": {
          "outputs": [
            {
              "name": "out",
              "path": "/nix/store/cy4gfbvpjif9vxjrsn3llbx8a33vaa22-awscli2-2.24.7",
              "default": true
            },
            {
              "name": "dist",
              "path": "/nix/store/5imhy0l04r97jrwvgrwkq0sc1hb1f0cw-awscli2-2.24.7-dist"
            }
          ],
          "store_path": "/nix/store/cy4gfbvpjif9vxjrsn3llbx8a33vaa22-awscli2-2.24.7"
        },
        "aarch64-linux": {
          "outputs": [
            {
              "name": "out",
              "path": "/nix/store/djl95jipj2vmbljyx822zwnj37n7qrnc-awscli2-2.24.7",
              "default": true
            },
            {
              "name": "dist",
              "path": "/nix/store/crb9r976swms14wbni96dsdybf39gq2n-awscli2-2.24.7-dist"
            }
          ],
          "store_path": "/nix/store/djl95jipj2vmbljyx822zwnj37n7qrnc-awscli2-2.24.7"
        },
        "x86_64-darwin": {
          "outputs": [
            {
              "name": "out",
              "path": "/nix/store/xsw3rwq65wsr4syg4mbii7rzv8r0gs93-awscli2-2.24.7",
              "default": true
            },
            {
              "name": "dist",
              "path": "/nix/store/4qxls91fpjcq15sbv1lgw2fnb44q5v0i-awscli2-2.24.7-dist"
            }
          ],
          "store_path": "/nix/store/xsw3rwq65wsr4syg4mbii7rzv8r0gs93-awscli2-2.24.7"
        },
        "x86_64-linux": {
          "outputs": [
            {
              "name": "out",
              "path": "/nix/store/c6cpwn3j1qfcfrch3248bj8i60wa4c08-awscli2-2.24.7",
              "default": true
            },
            {
              "name": "dist",
              "path": "/nix/store/5d9627scc1lv4r4x7mkphaqy3aqpxrhw-awscli2-2.24.7-dist"
            }
          ],
          "store_path": "/nix/store/c6cpwn3j1qfcfrch3248bj8i60wa4c08-awscli2-2.24.7"
        }
      }
    },
    "cosign@latest": {
      "last_modified": "2025-02-23T09:42:26Z",
      "resolved": "github:NixOS/nixpkgs/2d068ae5c6516b2d04562de50a58c682540de9bf#cosign",
      "source": "devbox-search",
      "version": "2.4.3",
      "systems": {
        "aarch64-darwin": {
          "outputs": [
            {
              "name": "out",
              "path": "/nix/store/cp67iwsq4vbf5dgqg2qnh2w8sxzwdfx8-cosign-2.4.3",
              "default": true
            }
          ],
          "store_path": "/nix/store/cp67iwsq4vbf5dgqg2qnh2w8sxzwdfx8-cosign-2.4.3"
        },
        "aarch64-linux": {
          "outputs": [
            {
              "name": "out",
              "path": "/nix/store/k45av5dkg6xllg1j0b8d31dhlh8m5jvp-cosign-2.4.3",
              "default": true
            }
          ],
          "store_path": "/nix/store/k45av5dkg6xllg1j0b8d31dhlh8m5jvp-cosign-2.4.3"
        },
        "x86_64-darwin": {
          "outputs": [
            {
              "name": "out",
              "path": "/nix/store/fafvkqs862g6i82rdx5pyrj39ml8mw8m-cosign-2.4.3",
              "default": true
            }
          ],
          "store_path": "/nix/store/fafvkqs862g6i82rdx5pyrj39ml8mw8m-cosign-2.4.3"
        },
        "x86_64-linux": {
          "outputs": [
            {
              "name": "out",
              "path": "/nix/store/ka0li9vxp9rlxaynwk22plkd1844id1d-cosign-2.4.3",
              "default": true
            }
          ],
          "store_path": "/nix/store/ka0li9vxp9rlxaynwk22plkd1844id1d-cosign-2.4.3"
        }
      }
    },
    "docker-sbom@latest": {
      "last_modified": "2025-02-27T15:48:43Z",
      "resolved": "github:NixOS/nixpkgs/6c5c5f5100281f8f4ff23f13edd17d645178c87c#docker-sbom",
      "source": "devbox-search",
      "version": "0.6.1",
      "systems": {
        "aarch64-darwin": {
          "outputs": [
            {
              "name": "out",
              "path": "/nix/store/1d640ijb61wyai3rw8ss26yljsxx4a30-docker-sbom-0.6.1",
              "default": true
            }
          ],
          "store_path": "/nix/store/1d640ijb61wyai3rw8ss26yljsxx4a30-docker-sbom-0.6.1"
        },
        "aarch64-linux": {
          "outputs": [
            {
              "name": "out",
              "path": "/nix/store/lqc8q7j8ggq38s51zixlc4ki0h3abp6s-docker-sbom-0.6.1",
              "default": true
            }
          ],
          "store_path": "/nix/store/lqc8q7j8ggq38s51zixlc4ki0h3abp6s-docker-sbom-0.6.1"
        },
        "x86_64-darwin": {
          "outputs": [
            {
              "name": "out",
              "path": "/nix/store/bi1izn1g1vzcnwc16ci0g7q703kzdaxy-docker-sbom-0.6.1",
              "default": true
            }
          ],
          "store_path": "/nix/store/bi1izn1g1vzcnwc16ci0g7q703kzdaxy-docker-sbom-0.6.1"
        },
        "x86_64-linux": {
          "outputs": [
            {
              "name": "out",
              "path": "/nix/store/zxa5cdbmv4ylsws0d5pwsz0bw7mdkyr8-docker-sbom-0.6.1",
              "default": true
            }
          ],
          "store_path": "/nix/store/zxa5cdbmv4ylsws0d5pwsz0bw7mdkyr8-docker-sbom-0.6.1"
        }
      }
    },
    "docker@latest": {
      "last_modified": "2025-02-27T15:48:43Z",
      "resolved": "github:NixOS/nixpkgs/6c5c5f5100281f8f4ff23f13edd17d645178c87c#docker",
      "source": "devbox-search",
      "version": "27.5.1",
      "systems": {
        "aarch64-darwin": {
          "outputs": [
            {
              "name": "out",
              "path": "/nix/store/p5hwr7yh4xdsqg516zfyvkggbdml5nc8-docker-27.5.1",
              "default": true
            }
          ],
          "store_path": "/nix/store/p5hwr7yh4xdsqg516zfyvkggbdml5nc8-docker-27.5.1"
        },
        "aarch64-linux": {
          "outputs": [
            {
              "name": "out",
              "path": "/nix/store/im68psacj71391drv4n62xlf91hkw6mi-docker-27.5.1",
              "default": true
            }
          ],
          "store_path": "/nix/store/im68psacj71391drv4n62xlf91hkw6mi-docker-27.5.1"
        },
        "x86_64-darwin": {
          "outputs": [
            {
              "name": "out",
              "path": "/nix/store/w8xv8gg4vbcdavb54aji5jna0ljl25z3-docker-27.5.1",
              "default": true
            }
          ],
          "store_path": "/nix/store/w8xv8gg4vbcdavb54aji5jna0ljl25z3-docker-27.5.1"
        },
        "x86_64-linux": {
          "outputs": [
            {
              "name": "out",
              "path": "/nix/store/8jmbffc3110kjqi7rhh3la1wcxxablsx-docker-27.5.1",
              "default": true
            }
          ],
          "store_path": "/nix/store/8jmbffc3110kjqi7rhh3la1wcxxablsx-docker-27.5.1"
        }
      }
    },
    "gettext@latest": {
      "last_modified": "2025-02-18T07:26:52Z",
      "resolved": "github:NixOS/nixpkgs/632f04521e847173c54fa72973ec6c39a371211c#gettext",
      "source": "devbox-search",
      "version": "0.22.5",
      "systems": {
        "aarch64-darwin": {
          "outputs": [
            {
              "name": "out",
              "path": "/nix/store/npbqs59h5fvs0sk0pgimaahvsg182lvw-gettext-0.22.5",
              "default": true
            },
            {
              "name": "man",
              "path": "/nix/store/y1f9jjb2kc39x34k6fgrim9bd2g27msg-gettext-0.22.5-man",
              "default": true
            },
            {
              "name": "doc",
              "path": "/nix/store/4kbz8d5252i6ha8vs4jwl4qrxkpq8hqy-gettext-0.22.5-doc"
            },
            {
              "name": "info",
              "path": "/nix/store/rdlxdla832r8rdg2c54wjldwz5whzqqq-gettext-0.22.5-info"
            }
          ],
          "store_path": "/nix/store/npbqs59h5fvs0sk0pgimaahvsg182lvw-gettext-0.22.5"
        },
        "aarch64-linux": {
          "outputs": [
            {
              "name": "out",
              "path": "/nix/store/bhb0r5g6lg7h492cnfs0qpf8dipl790y-gettext-0.22.5",
              "default": true
            },
            {
              "name": "man",
              "path": "/nix/store/hygb9l21fapqwllpdz184cjbi08wnby2-gettext-0.22.5-man",
              "default": true
            },
            {
              "name": "info",
              "path": "/nix/store/5rwzshhrx6y10jnqrckyyrgxnirj9hhf-gettext-0.22.5-info"
            },
            {
              "name": "doc",
              "path": "/nix/store/1cchlw6vwlzrvjff74vz0iskm2wz1vgn-gettext-0.22.5-doc"
            }
          ],
          "store_path": "/nix/store/bhb0r5g6lg7h492cnfs0qpf8dipl790y-gettext-0.22.5"
        },
        "x86_64-darwin": {
          "outputs": [
            {
              "name": "out",
              "path": "/nix/store/sxxlxvswa73k20rikf78ibbllgr5jrfj-gettext-0.22.5",
              "default": true
            },
            {
              "name": "man",
              "path": "/nix/store/sgml0vadk58wc0750yrkmh6s7wc456z1-gettext-0.22.5-man",
              "default": true
            },
            {
              "name": "doc",
              "path": "/nix/store/4sr5gd33nfdfb1jc9y09gvz7yx4x0gsn-gettext-0.22.5-doc"
            },
            {
              "name": "info",
              "path": "/nix/store/mxackywci5k7cgbgwbs12dcxg5lyc6iw-gettext-0.22.5-info"
            }
          ],
          "store_path": "/nix/store/sxxlxvswa73k20rikf78ibbllgr5jrfj-gettext-0.22.5"
        },
        "x86_64-linux": {
          "outputs": [
            {
              "name": "out",
              "path": "/nix/store/r48y0ydp5f92if0ribjln4hcg2jkqif5-gettext-0.22.5",
              "default": true
            },
            {
              "name": "man",
              "path": "/nix/store/0qi0d1irsfzmb6nnwj5gv601viglypl0-gettext-0.22.5-man",
              "default": true
            },
            {
              "name": "info",
              "path": "/nix/store/qnvfdd17d4szk8skc5cwppzmni7g0bgv-gettext-0.22.5-info"
            },
            {
              "name": "doc",
              "path": "/nix/store/88cnigg32g6x4wk5qxrwx62dxi50gdbr-gettext-0.22.5-doc"
            }
          ],
          "store_path": "/nix/store/r48y0ydp5f92if0ribjln4hcg2jkqif5-gettext-0.22.5"
        }
      }
    },
    "ginkgo@latest": {
      "last_modified": "2025-02-23T09:42:26Z",
      "resolved": "github:NixOS/nixpkgs/2d068ae5c6516b2d04562de50a58c682540de9bf#ginkgo",
      "source": "devbox-search",
      "version": "2.22.2",
      "systems": {
        "aarch64-darwin": {
          "outputs": [
            {
              "name": "out",
              "path": "/nix/store/gj8hkypjk2lzl5dv52x89sfgg0i6856k-ginkgo-2.22.2",
              "default": true
            }
          ],
          "store_path": "/nix/store/gj8hkypjk2lzl5dv52x89sfgg0i6856k-ginkgo-2.22.2"
        },
        "aarch64-linux": {
          "outputs": [
            {
              "name": "out",
              "path": "/nix/store/dr6iqm8qk3a04s0i4s07lclxnycnjws5-ginkgo-2.22.2",
              "default": true
            }
          ],
          "store_path": "/nix/store/dr6iqm8qk3a04s0i4s07lclxnycnjws5-ginkgo-2.22.2"
        },
        "x86_64-darwin": {
          "outputs": [
            {
              "name": "out",
              "path": "/nix/store/4yp3npr5l39r31ab29pnghjv7r7gg6c2-ginkgo-2.22.2",
              "default": true
            }
          ],
          "store_path": "/nix/store/4yp3npr5l39r31ab29pnghjv7r7gg6c2-ginkgo-2.22.2"
        },
        "x86_64-linux": {
          "outputs": [
            {
              "name": "out",
              "path": "/nix/store/9xcay9qlzhmnc0jhvyzkblqnbiqlzya8-ginkgo-2.22.2",
              "default": true
            }
          ],
          "store_path": "/nix/store/9xcay9qlzhmnc0jhvyzkblqnbiqlzya8-ginkgo-2.22.2"
        }
      }
    },
    "git@latest": {
      "last_modified": "2025-03-01T01:09:10Z",
      "resolved": "github:NixOS/nixpkgs/199169a2135e6b864a888e89a2ace345703c025d#git",
      "source": "devbox-search",
      "version": "2.48.1",
      "systems": {
        "aarch64-darwin": {
          "outputs": [
            {
              "name": "out",
              "path": "/nix/store/48bd3kx9xl36ixnzax9chik2y2l7lx9m-git-2.48.1",
              "default": true
            },
            {
              "name": "doc",
              "path": "/nix/store/7clrn7z9dxxl1n9hy2vy5nrk58mrb258-git-2.48.1-doc"
            }
          ],
          "store_path": "/nix/store/48bd3kx9xl36ixnzax9chik2y2l7lx9m-git-2.48.1"
        },
        "aarch64-linux": {
          "outputs": [
            {
              "name": "out",
              "path": "/nix/store/4rfdh67qx08marb8kwl8pk98pkwl8kiv-git-2.48.1",
              "default": true
            },
            {
              "name": "debug",
              "path": "/nix/store/yf283fv2zlaaaszdcfazbz1rg6d6f18q-git-2.48.1-debug"
            },
            {
              "name": "doc",
              "path": "/nix/store/c9hzqmbywb0basggdaylpc0j3r8j0dxs-git-2.48.1-doc"
            }
          ],
          "store_path": "/nix/store/4rfdh67qx08marb8kwl8pk98pkwl8kiv-git-2.48.1"
        },
        "x86_64-darwin": {
          "outputs": [
            {
              "name": "out",
              "path": "/nix/store/siawz69ch5kb1k1vaak8gbm6w5zmkbz6-git-2.48.1",
              "default": true
            },
            {
              "name": "doc",
              "path": "/nix/store/50346pq535sxngx9r0q1rf1bh0v01pyv-git-2.48.1-doc"
            }
          ],
          "store_path": "/nix/store/siawz69ch5kb1k1vaak8gbm6w5zmkbz6-git-2.48.1"
        },
        "x86_64-linux": {
          "outputs": [
            {
              "name": "out",
              "path": "/nix/store/nj1na0qwqhpd128vr71p70hz9jyhnz5x-git-2.48.1",
              "default": true
            },
            {
              "name": "doc",
              "path": "/nix/store/2g2q2z1rkc9lgy1ib2a5cgl9mrzhqbla-git-2.48.1-doc"
            },
            {
              "name": "debug",
              "path": "/nix/store/7gz9ywl4jw0clbbghaii5xgdivxsdgk3-git-2.48.1-debug"
            }
          ],
          "store_path": "/nix/store/nj1na0qwqhpd128vr71p70hz9jyhnz5x-git-2.48.1"
        }
      }
    },
    "github:NixOS/nixpkgs/nixpkgs-unstable": {
      "resolved": "github:NixOS/nixpkgs/de0fe301211c267807afd11b12613f5511ff7433?lastModified=1741310760&narHash=sha256-aizILFrPgq%2FW53Jw8i0a1h1GZAAKtlYOrG%2FA5r46gVM%3D"
    },
    "go-mockery@latest": {
      "last_modified": "2025-02-07T11:26:36Z",
      "resolved": "github:NixOS/nixpkgs/d98abf5cf5914e5e4e9d57205e3af55ca90ffc1d#go-mockery",
      "source": "devbox-search",
      "version": "2.52.1",
      "systems": {
        "aarch64-darwin": {
          "outputs": [
            {
              "name": "out",
              "path": "/nix/store/q7z6qf00d2zyb0vii9jlpfcz9qgry5pi-go-mockery-2.52.1",
              "default": true
            }
          ],
          "store_path": "/nix/store/q7z6qf00d2zyb0vii9jlpfcz9qgry5pi-go-mockery-2.52.1"
        },
        "aarch64-linux": {
          "outputs": [
            {
              "name": "out",
              "path": "/nix/store/2pp64xynz92rah0cisgc7k3gvy37ib2w-go-mockery-2.52.1",
              "default": true
            }
          ],
          "store_path": "/nix/store/2pp64xynz92rah0cisgc7k3gvy37ib2w-go-mockery-2.52.1"
        },
        "x86_64-darwin": {
          "outputs": [
            {
              "name": "out",
              "path": "/nix/store/cc55k8axw0s3q1cm0d58bkc4il871v2v-go-mockery-2.52.1",
              "default": true
            }
          ],
          "store_path": "/nix/store/cc55k8axw0s3q1cm0d58bkc4il871v2v-go-mockery-2.52.1"
        },
        "x86_64-linux": {
          "outputs": [
            {
              "name": "out",
              "path": "/nix/store/ylljxrg4fyd0w1lg8cjb6708jvp21a4h-go-mockery-2.52.1",
              "default": true
            }
          ],
          "store_path": "/nix/store/ylljxrg4fyd0w1lg8cjb6708jvp21a4h-go-mockery-2.52.1"
        }
      }
    },
    "golangci-lint@1.60": {
      "last_modified": "2024-09-07T06:00:21Z",
      "resolved": "github:NixOS/nixpkgs/29cca090417df03e6d1928d99f77e8e81c74c3fa#golangci-lint",
      "source": "devbox-search",
      "version": "1.60.3",
      "systems": {
        "aarch64-darwin": {
          "outputs": [
            {
              "name": "out",
              "path": "/nix/store/byyqd75qaws3bp84lfnipwdz65y2sms8-golangci-lint-1.60.3",
              "default": true
            }
          ],
          "store_path": "/nix/store/byyqd75qaws3bp84lfnipwdz65y2sms8-golangci-lint-1.60.3"
        },
        "aarch64-linux": {
          "outputs": [
            {
              "name": "out",
              "path": "/nix/store/q76c0iw8rpf1n8v2kwl7shiiymvm2lkn-golangci-lint-1.60.3",
              "default": true
            }
          ],
          "store_path": "/nix/store/q76c0iw8rpf1n8v2kwl7shiiymvm2lkn-golangci-lint-1.60.3"
        },
        "x86_64-darwin": {
          "outputs": [
            {
              "name": "out",
              "path": "/nix/store/4ihxpxi0q56329cnvikv15vcj4lsz17m-golangci-lint-1.60.3",
              "default": true
            }
          ],
          "store_path": "/nix/store/4ihxpxi0q56329cnvikv15vcj4lsz17m-golangci-lint-1.60.3"
        },
        "x86_64-linux": {
          "outputs": [
            {
              "name": "out",
              "path": "/nix/store/ilaacmahr3mfjh2hsfvcsyh7f2gsz0zj-golangci-lint-1.60.3",
              "default": true
            }
          ],
          "store_path": "/nix/store/ilaacmahr3mfjh2hsfvcsyh7f2gsz0zj-golangci-lint-1.60.3"
        }
      }
    },
    "gotests@latest": {
      "last_modified": "2025-02-07T11:26:36Z",
      "resolved": "github:NixOS/nixpkgs/d98abf5cf5914e5e4e9d57205e3af55ca90ffc1d#gotests",
      "source": "devbox-search",
      "version": "1.6.0",
      "systems": {
        "aarch64-darwin": {
          "outputs": [
            {
              "name": "out",
              "path": "/nix/store/1gwxpyxfkbcflsd6a6jn97pj11aqz90d-gotests-1.6.0",
              "default": true
            }
          ],
          "store_path": "/nix/store/1gwxpyxfkbcflsd6a6jn97pj11aqz90d-gotests-1.6.0"
        },
        "aarch64-linux": {
          "outputs": [
            {
              "name": "out",
              "path": "/nix/store/ji0aqa0xfjfwk801xkm8h8w5c8g1jajg-gotests-1.6.0",
              "default": true
            }
          ],
          "store_path": "/nix/store/ji0aqa0xfjfwk801xkm8h8w5c8g1jajg-gotests-1.6.0"
        },
        "x86_64-darwin": {
          "outputs": [
            {
              "name": "out",
              "path": "/nix/store/m524fhlg95qdqaxmplmi4gzy97n29bwg-gotests-1.6.0",
              "default": true
            }
          ],
          "store_path": "/nix/store/m524fhlg95qdqaxmplmi4gzy97n29bwg-gotests-1.6.0"
        },
        "x86_64-linux": {
          "outputs": [
            {
              "name": "out",
              "path": "/nix/store/k10808x1cwj7mhmaml9c2j88vz84c3bz-gotests-1.6.0",
              "default": true
            }
          ],
          "store_path": "/nix/store/k10808x1cwj7mhmaml9c2j88vz84c3bz-gotests-1.6.0"
        }
      }
    },
    "gotools@latest": {
      "last_modified": "2025-02-23T09:42:26Z",
      "resolved": "github:NixOS/nixpkgs/2d068ae5c6516b2d04562de50a58c682540de9bf#gotools",
      "source": "devbox-search",
      "version": "0.30.0",
      "systems": {
        "aarch64-darwin": {
          "outputs": [
            {
              "name": "out",
              "path": "/nix/store/vz8pf67d5nkavahw4wjsca0brnk01q4h-gotools-0.30.0",
              "default": true
            }
          ],
          "store_path": "/nix/store/vz8pf67d5nkavahw4wjsca0brnk01q4h-gotools-0.30.0"
        },
        "aarch64-linux": {
          "outputs": [
            {
              "name": "out",
              "path": "/nix/store/9p7gn3p8dchnsylhvc6g9nfinks9qrc8-gotools-0.30.0",
              "default": true
            }
          ],
          "store_path": "/nix/store/9p7gn3p8dchnsylhvc6g9nfinks9qrc8-gotools-0.30.0"
        },
        "x86_64-darwin": {
          "outputs": [
            {
              "name": "out",
              "path": "/nix/store/db3dycpjrhj6dg8yf1g1znaxilvxrzw4-gotools-0.30.0",
              "default": true
            }
          ],
          "store_path": "/nix/store/db3dycpjrhj6dg8yf1g1znaxilvxrzw4-gotools-0.30.0"
        },
        "x86_64-linux": {
          "outputs": [
            {
              "name": "out",
              "path": "/nix/store/8m595m24h551sa46h60mcbgmz1rqp3j4-gotools-0.30.0",
              "default": true
            }
          ],
          "store_path": "/nix/store/8m595m24h551sa46h60mcbgmz1rqp3j4-gotools-0.30.0"
        }
      }
    },
    "govulncheck@latest": {
      "last_modified": "2025-02-28T17:02:31Z",
      "resolved": "github:NixOS/nixpkgs/5954d3359cc7178623da6c7fd23dc7f7504d7187#govulncheck",
      "source": "devbox-search",
      "version": "1.1.4",
      "systems": {
        "aarch64-darwin": {
          "outputs": [
            {
              "name": "out",
              "path": "/nix/store/nr5nr0qd2brwnl98mv8kkap49nacw7ih-govulncheck-1.1.4",
              "default": true
            }
          ],
          "store_path": "/nix/store/nr5nr0qd2brwnl98mv8kkap49nacw7ih-govulncheck-1.1.4"
        },
        "aarch64-linux": {
          "outputs": [
            {
              "name": "out",
              "path": "/nix/store/whwjcapkw4bm4936665pm9zpff3vqjyv-govulncheck-1.1.4",
              "default": true
            }
          ],
          "store_path": "/nix/store/whwjcapkw4bm4936665pm9zpff3vqjyv-govulncheck-1.1.4"
        },
        "x86_64-darwin": {
          "outputs": [
            {
              "name": "out",
              "path": "/nix/store/2w7sas9gxl3k31ixrbh8zbkil3zrh9g7-govulncheck-1.1.4",
              "default": true
            }
          ],
          "store_path": "/nix/store/2w7sas9gxl3k31ixrbh8zbkil3zrh9g7-govulncheck-1.1.4"
        },
        "x86_64-linux": {
          "outputs": [
            {
              "name": "out",
              "path": "/nix/store/l8aa7qd4kid58kr18242zh0k8qwmd4kd-govulncheck-1.1.4",
              "default": true
            }
          ],
          "store_path": "/nix/store/l8aa7qd4kid58kr18242zh0k8qwmd4kd-govulncheck-1.1.4"
        }
      }
    },
    "jq@latest": {
      "last_modified": "2025-03-01T01:09:10Z",
      "resolved": "github:NixOS/nixpkgs/199169a2135e6b864a888e89a2ace345703c025d#jq",
      "source": "devbox-search",
      "version": "1.7.1",
      "systems": {
        "aarch64-darwin": {
          "outputs": [
            {
              "name": "bin",
              "path": "/nix/store/h67qb8yrnfja706ch9f2yfq1i0bz4mn1-jq-1.7.1-bin",
              "default": true
            },
            {
              "name": "man",
              "path": "/nix/store/dq242j6q44xlqlp7y6fjg7bmpd82m6li-jq-1.7.1-man",
              "default": true
            },
            {
              "name": "doc",
              "path": "/nix/store/6pnnni79b8018j88i2ynn1630qlwaphp-jq-1.7.1-doc"
            },
            {
              "name": "out",
              "path": "/nix/store/p73la466zw37g7z5d2qy3zz9mamf3gsv-jq-1.7.1"
            },
            {
              "name": "dev",
              "path": "/nix/store/v8anx27z4ib0gf7p1bh27j2g8zl37npb-jq-1.7.1-dev"
            }
          ],
          "store_path": "/nix/store/h67qb8yrnfja706ch9f2yfq1i0bz4mn1-jq-1.7.1-bin"
        },
        "aarch64-linux": {
          "outputs": [
            {
              "name": "bin",
              "path": "/nix/store/iqyxj9kb5g5w347svfwskiyahrplwxgb-jq-1.7.1-bin",
              "default": true
            },
            {
              "name": "man",
              "path": "/nix/store/ikr9p51fkdc932kmbmnq4wji81cyaw7m-jq-1.7.1-man",
              "default": true
            },
            {
              "name": "doc",
              "path": "/nix/store/z96h0lbll50v9m5fly0mvrqxibiv07gj-jq-1.7.1-doc"
            },
            {
              "name": "out",
              "path": "/nix/store/lnzkzs9zlpap9vizx5ds11a2kkpcfm5a-jq-1.7.1"
            },
            {
              "name": "dev",
              "path": "/nix/store/a3n8r9jn9g78yhb8xamgml3vlsv4qc3w-jq-1.7.1-dev"
            }
          ],
          "store_path": "/nix/store/iqyxj9kb5g5w347svfwskiyahrplwxgb-jq-1.7.1-bin"
        },
        "x86_64-darwin": {
          "outputs": [
            {
              "name": "bin",
              "path": "/nix/store/kvdl82szh102c3bmqfcymfhhdgmmpiqw-jq-1.7.1-bin",
              "default": true
            },
            {
              "name": "man",
              "path": "/nix/store/66hkk82yqg7dnjx8dj32kxhp4mna06ry-jq-1.7.1-man",
              "default": true
            },
            {
              "name": "doc",
              "path": "/nix/store/yh6klqhz2sxa8y3yfsxy828mhbkcdy34-jq-1.7.1-doc"
            },
            {
              "name": "out",
              "path": "/nix/store/q3cn39yz907p3h8ndqf9ljcakh2pzsrv-jq-1.7.1"
            },
            {
              "name": "dev",
              "path": "/nix/store/bpdizbcr45r3m1k75sxcmdbqi8i2khmd-jq-1.7.1-dev"
            }
          ],
          "store_path": "/nix/store/kvdl82szh102c3bmqfcymfhhdgmmpiqw-jq-1.7.1-bin"
        },
        "x86_64-linux": {
          "outputs": [
            {
              "name": "bin",
              "path": "/nix/store/xqh11ih3h2y85sgjjighlskp2llhswmz-jq-1.7.1-bin",
              "default": true
            },
            {
              "name": "man",
              "path": "/nix/store/v14f5in0m2yx4561dbs2mbplsgi0hx26-jq-1.7.1-man",
              "default": true
            },
            {
              "name": "dev",
              "path": "/nix/store/bsa64w792v82bx2nanmygc4fg690f4a0-jq-1.7.1-dev"
            },
            {
              "name": "doc",
              "path": "/nix/store/gskl3sys6n7r8rg768smngn1n52w09ag-jq-1.7.1-doc"
            },
            {
              "name": "out",
              "path": "/nix/store/75lxfnxl0wsifkqs6pb7rdmanrdd6qjp-jq-1.7.1"
            }
          ],
          "store_path": "/nix/store/xqh11ih3h2y85sgjjighlskp2llhswmz-jq-1.7.1-bin"
        }
      }
    },
    "kubebuilder@4.1.1": {
      "last_modified": "2024-08-31T10:12:23Z",
      "resolved": "github:NixOS/nixpkgs/5629520edecb69630a3f4d17d3d33fc96c13f6fe#kubebuilder",
      "source": "devbox-search",
      "version": "4.1.1",
      "systems": {
        "aarch64-darwin": {
          "outputs": [
            {
              "name": "out",
              "path": "/nix/store/mjjfab1knf8kwzcdmi5bpm17ykiqm0f8-kubebuilder-4.1.1",
              "default": true
            }
          ],
          "store_path": "/nix/store/mjjfab1knf8kwzcdmi5bpm17ykiqm0f8-kubebuilder-4.1.1"
        },
        "aarch64-linux": {
          "outputs": [
            {
              "name": "out",
              "path": "/nix/store/jbspkcg7n3h8wfqwrpc55n067z2vvdpx-kubebuilder-4.1.1",
              "default": true
            }
          ],
          "store_path": "/nix/store/jbspkcg7n3h8wfqwrpc55n067z2vvdpx-kubebuilder-4.1.1"
        },
        "x86_64-darwin": {
          "outputs": [
            {
              "name": "out",
              "path": "/nix/store/n0k0k1ynm7nzq0r8vbshwwwl5f483d5c-kubebuilder-4.1.1",
              "default": true
            }
          ],
          "store_path": "/nix/store/n0k0k1ynm7nzq0r8vbshwwwl5f483d5c-kubebuilder-4.1.1"
        },
        "x86_64-linux": {
          "outputs": [
            {
              "name": "out",
              "path": "/nix/store/4ayrlq6fj6ki0wi4ixiip86cda3l5g8n-kubebuilder-4.1.1",
              "default": true
            }
          ],
          "store_path": "/nix/store/4ayrlq6fj6ki0wi4ixiip86cda3l5g8n-kubebuilder-4.1.1"
        }
      }
    },
    "kubectl@latest": {
      "last_modified": "2025-02-16T00:50:12Z",
      "resolved": "github:NixOS/nixpkgs/1dcdd535fef84d4671129a10e7072d56dca9a4d3#kubectl",
      "source": "devbox-search",
      "version": "1.32.2",
      "systems": {
        "aarch64-darwin": {
          "outputs": [
            {
              "name": "out",
              "path": "/nix/store/fdg47848h1jm48dvq34vzjx7pxipipyj-kubectl-1.32.2",
              "default": true
            },
            {
              "name": "man",
              "path": "/nix/store/nwpq48a67gn7xvma4k76wa3dl5qpc9jw-kubectl-1.32.2-man",
              "default": true
            },
            {
              "name": "convert",
              "path": "/nix/store/2l56gryy2lc3bxd1k28d606r23872vj1-kubectl-1.32.2-convert"
            }
          ],
          "store_path": "/nix/store/fdg47848h1jm48dvq34vzjx7pxipipyj-kubectl-1.32.2"
        },
        "aarch64-linux": {
          "outputs": [
            {
              "name": "out",
              "path": "/nix/store/ln7cfszvc6gjjrarbv0ipf1h8yzgkl46-kubectl-1.32.2",
              "default": true
            },
            {
              "name": "man",
              "path": "/nix/store/m79ivh1p7158mycrxiqslsdwqz0a2y15-kubectl-1.32.2-man",
              "default": true
            },
            {
              "name": "convert",
              "path": "/nix/store/x9c450w9l5l9hdb4sqvysi6wlsg522x7-kubectl-1.32.2-convert"
            }
          ],
          "store_path": "/nix/store/ln7cfszvc6gjjrarbv0ipf1h8yzgkl46-kubectl-1.32.2"
        },
        "x86_64-darwin": {
          "outputs": [
            {
              "name": "out",
              "path": "/nix/store/b2js0qn4da3bl7xi06q5prx27gd5fch8-kubectl-1.32.2",
              "default": true
            },
            {
              "name": "man",
              "path": "/nix/store/97yz99gy3hg69b6jjaqi01126ld5hgpl-kubectl-1.32.2-man",
              "default": true
            },
            {
              "name": "convert",
              "path": "/nix/store/1cr7phxn688by6bgzrpr5x6pv29dzknp-kubectl-1.32.2-convert"
            }
          ],
          "store_path": "/nix/store/b2js0qn4da3bl7xi06q5prx27gd5fch8-kubectl-1.32.2"
        },
        "x86_64-linux": {
          "outputs": [
            {
              "name": "out",
              "path": "/nix/store/d4hd150ffhnayv270mpacjkv57agyxyd-kubectl-1.32.2",
              "default": true
            },
            {
              "name": "man",
              "path": "/nix/store/37p1rr7vy6kmfhih65p6lvwc1cx64z6x-kubectl-1.32.2-man",
              "default": true
            },
            {
              "name": "convert",
              "path": "/nix/store/9ydig9bf3sgbsgxi06jw1128cdrpvfm1-kubectl-1.32.2-convert"
            }
          ],
          "store_path": "/nix/store/d4hd150ffhnayv270mpacjkv57agyxyd-kubectl-1.32.2"
        }
      }
    },
    "kubernetes-controller-tools@0.16.1": {
      "last_modified": "2024-09-10T15:01:03Z",
      "resolved": "github:NixOS/nixpkgs/5ed627539ac84809c78b2dd6d26a5cebeb5ae269#kubernetes-controller-tools",
      "source": "devbox-search",
      "version": "0.16.1",
      "systems": {
        "aarch64-darwin": {
          "outputs": [
            {
              "name": "out",
              "path": "/nix/store/81ynvd61f8jha78p44r6ya7rsf5292qb-controller-tools-0.16.1",
              "default": true
            }
          ],
          "store_path": "/nix/store/81ynvd61f8jha78p44r6ya7rsf5292qb-controller-tools-0.16.1"
        },
        "aarch64-linux": {
          "outputs": [
            {
              "name": "out",
              "path": "/nix/store/c2aaf01sisq5ai2zjgnqaxbykxghqy1h-controller-tools-0.16.1",
              "default": true
            }
          ],
          "store_path": "/nix/store/c2aaf01sisq5ai2zjgnqaxbykxghqy1h-controller-tools-0.16.1"
        },
        "x86_64-darwin": {
          "outputs": [
            {
              "name": "out",
              "path": "/nix/store/42ar5zfn1ycr6pg13q74r4bcrg89pwc5-controller-tools-0.16.1",
              "default": true
            }
          ],
          "store_path": "/nix/store/42ar5zfn1ycr6pg13q74r4bcrg89pwc5-controller-tools-0.16.1"
        },
        "x86_64-linux": {
          "outputs": [
            {
              "name": "out",
              "path": "/nix/store/a28n08d6knfjdirnnn1n7ynn5dijccml-controller-tools-0.16.1",
              "default": true
            }
          ],
          "store_path": "/nix/store/a28n08d6knfjdirnnn1n7ynn5dijccml-controller-tools-0.16.1"
        }
      }
    },
    "kubernetes-helm@latest": {
      "last_modified": "2025-02-13T21:40:15Z",
      "resolved": "github:NixOS/nixpkgs/ba0939c506a03c60a765cd7f7c43794816540eec#kubernetes-helm",
      "source": "devbox-search",
      "version": "3.17.1",
      "systems": {
        "aarch64-darwin": {
          "outputs": [
            {
              "name": "out",
              "path": "/nix/store/bzzy1zzckgl7sxr7jnsgf5vkskzd0qgv-kubernetes-helm-3.17.1",
              "default": true
            }
          ],
          "store_path": "/nix/store/bzzy1zzckgl7sxr7jnsgf5vkskzd0qgv-kubernetes-helm-3.17.1"
        },
        "aarch64-linux": {
          "outputs": [
            {
              "name": "out",
              "path": "/nix/store/v0ff1hymbd0sqlw0z3vszq7z0sjdd68l-kubernetes-helm-3.17.1",
              "default": true
            }
          ],
          "store_path": "/nix/store/v0ff1hymbd0sqlw0z3vszq7z0sjdd68l-kubernetes-helm-3.17.1"
        },
        "x86_64-darwin": {
          "outputs": [
            {
              "name": "out",
              "path": "/nix/store/b643xxmzx0k3v2fl6kq9lyajj99nhrcf-kubernetes-helm-3.17.1",
              "default": true
            }
          ],
          "store_path": "/nix/store/b643xxmzx0k3v2fl6kq9lyajj99nhrcf-kubernetes-helm-3.17.1"
        },
        "x86_64-linux": {
          "outputs": [
            {
              "name": "out",
              "path": "/nix/store/jnff4f0rfxp13bj7wld1yx6r26y4why7-kubernetes-helm-3.17.1",
              "default": true
            }
          ],
          "store_path": "/nix/store/jnff4f0rfxp13bj7wld1yx6r26y4why7-kubernetes-helm-3.17.1"
        }
      }
    },
    "kustomize@4.3": {
      "last_modified": "2021-10-22T02:15:45Z",
      "resolved": "github:NixOS/nixpkgs/718895c14907b60069520b6394b4dbb6e3aa9c33#kustomize",
      "source": "devbox-search",
      "version": "4.3.0",
      "systems": {
        "aarch64-darwin": {
          "outputs": [
            {
              "path": "/nix/store/72hchxzawfrj0ayhqcb57wyz11320w13-kustomize-4.3.0",
              "default": true
            }
          ]
        },
        "x86_64-linux": {
          "outputs": [
            {
              "path": "/nix/store/cyxijsvrvl4v986z606yirrdk4pzcqj8-kustomize-4.3.0",
              "default": true
            }
          ]
        }
      }
    },
    "operator-sdk@1.36.1": {
      "last_modified": "2024-09-10T15:01:03Z",
      "resolved": "github:NixOS/nixpkgs/5ed627539ac84809c78b2dd6d26a5cebeb5ae269#operator-sdk",
      "source": "devbox-search",
      "version": "1.36.1",
      "systems": {
        "aarch64-darwin": {
          "outputs": [
            {
              "name": "out",
              "path": "/nix/store/cmzhlf5ccjc3ps1bgf9wxcvx6xak518b-operator-sdk-1.36.1",
              "default": true
            }
          ],
          "store_path": "/nix/store/cmzhlf5ccjc3ps1bgf9wxcvx6xak518b-operator-sdk-1.36.1"
        },
        "aarch64-linux": {
          "outputs": [
            {
              "name": "out",
              "path": "/nix/store/fy9968gdpy5lmi8hhfjcv1jfidxmpr0i-operator-sdk-1.36.1",
              "default": true
            }
          ],
          "store_path": "/nix/store/fy9968gdpy5lmi8hhfjcv1jfidxmpr0i-operator-sdk-1.36.1"
        },
        "x86_64-darwin": {
          "outputs": [
            {
              "name": "out",
              "path": "/nix/store/awimsm4xgvilaa9afnadljmiaxb0f969-operator-sdk-1.36.1",
              "default": true
            }
          ],
          "store_path": "/nix/store/awimsm4xgvilaa9afnadljmiaxb0f969-operator-sdk-1.36.1"
        },
        "x86_64-linux": {
          "outputs": [
            {
              "name": "out",
              "path": "/nix/store/0n2mm7rkk7789cn7559mic9jvz7zaf93-operator-sdk-1.36.1",
              "default": true
            }
          ],
          "store_path": "/nix/store/0n2mm7rkk7789cn7559mic9jvz7zaf93-operator-sdk-1.36.1"
        }
      }
    },
    "setup-envtest@0.18.2": {
      "last_modified": "2024-09-10T15:01:03Z",
      "resolved": "github:NixOS/nixpkgs/5ed627539ac84809c78b2dd6d26a5cebeb5ae269#setup-envtest",
      "source": "devbox-search",
      "version": "0.18.2",
      "systems": {
        "aarch64-darwin": {
          "outputs": [
            {
              "name": "out",
              "path": "/nix/store/kc22jbvb811zysi9245w4nimyipr2dyz-setup-envtest-0.18.2",
              "default": true
            }
          ],
          "store_path": "/nix/store/kc22jbvb811zysi9245w4nimyipr2dyz-setup-envtest-0.18.2"
        },
        "aarch64-linux": {
          "outputs": [
            {
              "name": "out",
              "path": "/nix/store/0x6wm35hdh1h1lpcq2s5akj2y1s17apy-setup-envtest-0.18.2",
              "default": true
            }
          ],
          "store_path": "/nix/store/0x6wm35hdh1h1lpcq2s5akj2y1s17apy-setup-envtest-0.18.2"
        },
        "x86_64-darwin": {
          "outputs": [
            {
              "name": "out",
              "path": "/nix/store/mhv8afglwwy8ajb1c5s4xdc0c3p1s9m7-setup-envtest-0.18.2",
              "default": true
            }
          ],
          "store_path": "/nix/store/mhv8afglwwy8ajb1c5s4xdc0c3p1s9m7-setup-envtest-0.18.2"
        },
        "x86_64-linux": {
          "outputs": [
            {
              "name": "out",
              "path": "/nix/store/7rlfhmyxv2hnhqjrj1xmgy6ygkis8fwm-setup-envtest-0.18.2",
              "default": true
            }
          ],
          "store_path": "/nix/store/7rlfhmyxv2hnhqjrj1xmgy6ygkis8fwm-setup-envtest-0.18.2"
        }
      }
    },
    "shellcheck@latest": {
      "last_modified": "2025-02-07T11:26:36Z",
      "resolved": "github:NixOS/nixpkgs/d98abf5cf5914e5e4e9d57205e3af55ca90ffc1d#shellcheck",
      "source": "devbox-search",
      "version": "0.10.0",
      "systems": {
        "aarch64-darwin": {
          "outputs": [
            {
              "name": "bin",
              "path": "/nix/store/iggvrsj00j8py8q7i81cp3d1lvw1l3zw-shellcheck-0.10.0-bin",
              "default": true
            },
            {
              "name": "man",
              "path": "/nix/store/pb8v9fjqishjisml28lmby3iaadz45y8-shellcheck-0.10.0-man",
              "default": true
            },
            {
              "name": "doc",
              "path": "/nix/store/1bfp33rkmfx7479aqh26f0glzc58gy5i-shellcheck-0.10.0-doc",
              "default": true
            },
            {
              "name": "out",
              "path": "/nix/store/0x3i1pp5dy8wrviw8xwl5z99pxs5ijsz-shellcheck-0.10.0"
            }
          ],
          "store_path": "/nix/store/iggvrsj00j8py8q7i81cp3d1lvw1l3zw-shellcheck-0.10.0-bin"
        },
        "aarch64-linux": {
          "outputs": [
            {
              "name": "bin",
              "path": "/nix/store/i0fa1zwp1skz22p9r7c9qcs9ymmvp2x2-shellcheck-0.10.0-bin",
              "default": true
            },
            {
              "name": "man",
              "path": "/nix/store/c169rlg56i9hamcwacsvyprs8q4cyi9p-shellcheck-0.10.0-man",
              "default": true
            },
            {
              "name": "doc",
              "path": "/nix/store/mbkymxgb6hixx2vzd7niagin9fazgbd7-shellcheck-0.10.0-doc",
              "default": true
            },
            {
              "name": "out",
              "path": "/nix/store/hhwv28xgli927xky353ki316bhapb7yl-shellcheck-0.10.0"
            }
          ],
          "store_path": "/nix/store/i0fa1zwp1skz22p9r7c9qcs9ymmvp2x2-shellcheck-0.10.0-bin"
        },
        "x86_64-darwin": {
          "outputs": [
            {
              "name": "bin",
              "path": "/nix/store/mcxaqmamjv5zflgnaanm2ij8rv48saya-shellcheck-0.10.0-bin",
              "default": true
            },
            {
              "name": "man",
              "path": "/nix/store/hfy0c1ih300h2f5piqj63yjnmf0hy1zh-shellcheck-0.10.0-man",
              "default": true
            },
            {
              "name": "doc",
              "path": "/nix/store/5ph7g97j8sb9fw5a3sr9mvldfxzqlpcd-shellcheck-0.10.0-doc",
              "default": true
            },
            {
              "name": "out",
              "path": "/nix/store/2nmcagz1w31xwifmyaydyphmd5m2pkpw-shellcheck-0.10.0"
            }
          ],
          "store_path": "/nix/store/mcxaqmamjv5zflgnaanm2ij8rv48saya-shellcheck-0.10.0-bin"
        },
        "x86_64-linux": {
          "outputs": [
            {
              "name": "bin",
              "path": "/nix/store/k8bkzcj25p4z3gkp8cyvbaamdk5vkxq9-shellcheck-0.10.0-bin",
              "default": true
            },
            {
              "name": "man",
              "path": "/nix/store/vgkh4px6fcp00d6qs9sjf90vaf20cwjn-shellcheck-0.10.0-man",
              "default": true
            },
            {
              "name": "doc",
              "path": "/nix/store/rbqc0gi7pnjc45q06yxrvl6j07v6408w-shellcheck-0.10.0-doc",
              "default": true
            },
            {
              "name": "out",
              "path": "/nix/store/j3pa830xv1qsd8cp7mn738qjbckx1kv3-shellcheck-0.10.0"
            }
          ],
          "store_path": "/nix/store/k8bkzcj25p4z3gkp8cyvbaamdk5vkxq9-shellcheck-0.10.0-bin"
        }
      }
    },
    "wget@latest": {
      "last_modified": "2025-02-07T11:26:36Z",
      "resolved": "github:NixOS/nixpkgs/d98abf5cf5914e5e4e9d57205e3af55ca90ffc1d#wget",
      "source": "devbox-search",
      "version": "1.25.0",
      "systems": {
        "aarch64-darwin": {
          "outputs": [
            {
              "name": "out",
              "path": "/nix/store/2l7xlq5ls2b1bp4r0zyqq9bsg0la2p6i-wget-1.25.0",
              "default": true
            }
          ],
          "store_path": "/nix/store/2l7xlq5ls2b1bp4r0zyqq9bsg0la2p6i-wget-1.25.0"
        },
        "aarch64-linux": {
          "outputs": [
            {
              "name": "out",
              "path": "/nix/store/6gq7swnwdszl9mj62fwhnmm7dpyzk628-wget-1.25.0",
              "default": true
            }
          ],
          "store_path": "/nix/store/6gq7swnwdszl9mj62fwhnmm7dpyzk628-wget-1.25.0"
        },
        "x86_64-darwin": {
          "outputs": [
            {
              "name": "out",
              "path": "/nix/store/sx84x0r3aar3x6vl7zhl2k2n3fajbvg7-wget-1.25.0",
              "default": true
            }
          ],
          "store_path": "/nix/store/sx84x0r3aar3x6vl7zhl2k2n3fajbvg7-wget-1.25.0"
        },
        "x86_64-linux": {
          "outputs": [
            {
              "name": "out",
              "path": "/nix/store/ards3290i5mb6ll7vybvgdmv21ay9fba-wget-1.25.0",
              "default": true
            }
          ],
          "store_path": "/nix/store/ards3290i5mb6ll7vybvgdmv21ay9fba-wget-1.25.0"
        }
      }
    },
    "yq-go@latest": {
      "last_modified": "2025-02-07T11:26:36Z",
      "resolved": "github:NixOS/nixpkgs/d98abf5cf5914e5e4e9d57205e3af55ca90ffc1d#yq-go",
      "source": "devbox-search",
      "version": "4.45.1",
      "systems": {
        "aarch64-darwin": {
          "outputs": [
            {
              "name": "out",
              "path": "/nix/store/qdasnhdfva5n5r312qlf8gaib5knhy4a-yq-go-4.45.1",
              "default": true
            }
          ],
          "store_path": "/nix/store/qdasnhdfva5n5r312qlf8gaib5knhy4a-yq-go-4.45.1"
        },
        "aarch64-linux": {
          "outputs": [
            {
              "name": "out",
              "path": "/nix/store/kn5sgwgs94gnsifzlcysb2xgiyvm3aqz-yq-go-4.45.1",
              "default": true
            }
          ],
          "store_path": "/nix/store/kn5sgwgs94gnsifzlcysb2xgiyvm3aqz-yq-go-4.45.1"
        },
        "x86_64-darwin": {
          "outputs": [
            {
              "name": "out",
              "path": "/nix/store/5v8g3w5ggravlps5qw49scidhk15dxgq-yq-go-4.45.1",
              "default": true
            }
          ],
          "store_path": "/nix/store/5v8g3w5ggravlps5qw49scidhk15dxgq-yq-go-4.45.1"
        },
        "x86_64-linux": {
          "outputs": [
            {
              "name": "out",
              "path": "/nix/store/hh77bzmffw3zgm658hlh85cimzc7pbjg-yq-go-4.45.1",
              "default": true
            }
          ],
          "store_path": "/nix/store/hh77bzmffw3zgm658hlh85cimzc7pbjg-yq-go-4.45.1"
        }
      }
    }
  }
}
