{
  "lockfile_version": "1",
  "packages": {
    "act@latest": {
      "last_modified": "2025-01-05T01:56:15Z",
      "resolved": "github:NixOS/nixpkgs/bf689c40d035239a489de5997a4da5352434632e#act",
      "source": "devbox-search",
      "version": "0.2.71",
      "systems": {
        "aarch64-darwin": {
          "outputs": [
            {
              "name": "out",
              "path": "/nix/store/ncp141xnmpb5b78ncgvk4f1k74riqip2-act-0.2.71",
              "default": true
            }
          ],
          "store_path": "/nix/store/ncp141xnmpb5b78ncgvk4f1k74riqip2-act-0.2.71"
        },
        "aarch64-linux": {
          "outputs": [
            {
              "name": "out",
              "path": "/nix/store/8xicwd82acx2609c3dfgp2pa4j7w5nz6-act-0.2.71",
              "default": true
            }
          ],
          "store_path": "/nix/store/8xicwd82acx2609c3dfgp2pa4j7w5nz6-act-0.2.71"
        },
        "x86_64-darwin": {
          "outputs": [
            {
              "name": "out",
              "path": "/nix/store/y5x3w5g1qsfk5i2s79ymqfv4sqrgb5gj-act-0.2.71",
              "default": true
            }
          ],
          "store_path": "/nix/store/y5x3w5g1qsfk5i2s79ymqfv4sqrgb5gj-act-0.2.71"
        },
        "x86_64-linux": {
          "outputs": [
            {
              "name": "out",
              "path": "/nix/store/xh42m1mi3fhsmhwszn4542jrbqldd199-act-0.2.71",
              "default": true
            }
          ],
          "store_path": "/nix/store/xh42m1mi3fhsmhwszn4542jrbqldd199-act-0.2.71"
        }
      }
    },
    "awscli2@latest": {
      "last_modified": "2025-01-02T12:43:26Z",
      "resolved": "github:NixOS/nixpkgs/d6973081434f88088e5321f83ebafe9a1167c367#awscli2",
      "source": "devbox-search",
      "version": "2.22.13",
      "systems": {
        "aarch64-darwin": {
          "outputs": [
            {
              "name": "out",
              "path": "/nix/store/x7gzwsgvbv9gsv2alx6s283gmfc1ak1x-awscli2-2.22.13",
              "default": true
            },
            {
              "name": "dist",
              "path": "/nix/store/pfq0zkq3ghbwq9419idxng97app4ab88-awscli2-2.22.13-dist"
            }
          ],
          "store_path": "/nix/store/x7gzwsgvbv9gsv2alx6s283gmfc1ak1x-awscli2-2.22.13"
        },
        "aarch64-linux": {
          "outputs": [
            {
              "name": "out",
              "path": "/nix/store/rg03ycmb1p2kfbibhbbqdr2my919s9kn-awscli2-2.22.13",
              "default": true
            },
            {
              "name": "dist",
              "path": "/nix/store/76g4b6mq7i22gbck35px1kp05xbpymvg-awscli2-2.22.13-dist"
            }
          ],
          "store_path": "/nix/store/rg03ycmb1p2kfbibhbbqdr2my919s9kn-awscli2-2.22.13"
        },
        "x86_64-darwin": {
          "outputs": [
            {
              "name": "out",
              "path": "/nix/store/xw6jb44l1vn3zsg319w11vjab5q4qlgq-awscli2-2.22.13",
              "default": true
            },
            {
              "name": "dist",
              "path": "/nix/store/c7r54rikxyh0qbapxgww9i1nqfx678g3-awscli2-2.22.13-dist"
            }
          ],
          "store_path": "/nix/store/xw6jb44l1vn3zsg319w11vjab5q4qlgq-awscli2-2.22.13"
        },
        "x86_64-linux": {
          "outputs": [
            {
              "name": "out",
              "path": "/nix/store/d7rzrxwxwf4mip6c39hz73g37brdi7g9-awscli2-2.22.13",
              "default": true
            },
            {
              "name": "dist",
              "path": "/nix/store/7qmfgpalc9jh6z9ywichdiakjhp2zpkx-awscli2-2.22.13-dist"
            }
          ],
          "store_path": "/nix/store/d7rzrxwxwf4mip6c39hz73g37brdi7g9-awscli2-2.22.13"
        }
      }
    },
    "cosign@latest": {
      "last_modified": "2024-12-23T21:10:33Z",
      "resolved": "github:NixOS/nixpkgs/de1864217bfa9b5845f465e771e0ecb48b30e02d#cosign",
      "source": "devbox-search",
      "version": "2.4.1",
      "systems": {
        "aarch64-darwin": {
          "outputs": [
            {
              "name": "out",
              "path": "/nix/store/7xv95aj4ghjfq2jilkr6p7vn2qjn1nls-cosign-2.4.1",
              "default": true
            }
          ],
          "store_path": "/nix/store/7xv95aj4ghjfq2jilkr6p7vn2qjn1nls-cosign-2.4.1"
        },
        "aarch64-linux": {
          "outputs": [
            {
              "name": "out",
              "path": "/nix/store/6g9a81ad5fq3hg5jymk963kv98ip2s60-cosign-2.4.1",
              "default": true
            }
          ],
          "store_path": "/nix/store/6g9a81ad5fq3hg5jymk963kv98ip2s60-cosign-2.4.1"
        },
        "x86_64-darwin": {
          "outputs": [
            {
              "name": "out",
              "path": "/nix/store/b4dj1bdwljhjp6zayb3lyviwzgjq2vv6-cosign-2.4.1",
              "default": true
            }
          ],
          "store_path": "/nix/store/b4dj1bdwljhjp6zayb3lyviwzgjq2vv6-cosign-2.4.1"
        },
        "x86_64-linux": {
          "outputs": [
            {
              "name": "out",
              "path": "/nix/store/zyl5nyhn7f2cwqpdlrjfspy65s15l29j-cosign-2.4.1",
              "default": true
            }
          ],
          "store_path": "/nix/store/zyl5nyhn7f2cwqpdlrjfspy65s15l29j-cosign-2.4.1"
        }
      }
    },
    "docker-sbom@latest": {
      "last_modified": "2024-12-23T21:10:33Z",
      "resolved": "github:NixOS/nixpkgs/de1864217bfa9b5845f465e771e0ecb48b30e02d#docker-sbom",
      "source": "devbox-search",
      "version": "0.6.1",
      "systems": {
        "aarch64-darwin": {
          "outputs": [
            {
              "name": "out",
              "path": "/nix/store/zgvf59649vfz3pq93yyjcy1bynlf1mi0-docker-sbom-0.6.1",
              "default": true
            }
          ],
          "store_path": "/nix/store/zgvf59649vfz3pq93yyjcy1bynlf1mi0-docker-sbom-0.6.1"
        },
        "aarch64-linux": {
          "outputs": [
            {
              "name": "out",
              "path": "/nix/store/9lv5wrjfc8rk5pnx90kdrnz9hl56lj7f-docker-sbom-0.6.1",
              "default": true
            }
          ],
          "store_path": "/nix/store/9lv5wrjfc8rk5pnx90kdrnz9hl56lj7f-docker-sbom-0.6.1"
        },
        "x86_64-darwin": {
          "outputs": [
            {
              "name": "out",
              "path": "/nix/store/2ys1ya14x447wcc1kic2hvlrp589273b-docker-sbom-0.6.1",
              "default": true
            }
          ],
          "store_path": "/nix/store/2ys1ya14x447wcc1kic2hvlrp589273b-docker-sbom-0.6.1"
        },
        "x86_64-linux": {
          "outputs": [
            {
              "name": "out",
              "path": "/nix/store/ybacpma8gg5dc3xzqslr1rn5ly1zh10a-docker-sbom-0.6.1",
              "default": true
            }
          ],
          "store_path": "/nix/store/ybacpma8gg5dc3xzqslr1rn5ly1zh10a-docker-sbom-0.6.1"
        }
      }
    },
    "docker@latest": {
      "last_modified": "2025-01-05T01:56:15Z",
      "resolved": "github:NixOS/nixpkgs/bf689c40d035239a489de5997a4da5352434632e#docker",
      "source": "devbox-search",
      "version": "27.4.1",
      "systems": {
        "aarch64-darwin": {
          "outputs": [
            {
              "name": "out",
              "path": "/nix/store/2vs6bvpsd87kkgnhwlap1lgy368bv454-docker-27.4.1",
              "default": true
            }
          ],
          "store_path": "/nix/store/2vs6bvpsd87kkgnhwlap1lgy368bv454-docker-27.4.1"
        },
        "aarch64-linux": {
          "outputs": [
            {
              "name": "out",
              "path": "/nix/store/3xg1mlg7z33xh5zimqcgyd60i9qqa4fq-docker-27.4.1",
              "default": true
            }
          ],
          "store_path": "/nix/store/3xg1mlg7z33xh5zimqcgyd60i9qqa4fq-docker-27.4.1"
        },
        "x86_64-darwin": {
          "outputs": [
            {
              "name": "out",
              "path": "/nix/store/wlp1g7nsd6gzih83mh3j9y51awcjvqri-docker-27.4.1",
              "default": true
            }
          ],
          "store_path": "/nix/store/wlp1g7nsd6gzih83mh3j9y51awcjvqri-docker-27.4.1"
        },
        "x86_64-linux": {
          "outputs": [
            {
              "name": "out",
              "path": "/nix/store/jsd390k2ryj5c8ibqxap7ln6ms7rkxzw-docker-27.4.1",
              "default": true
            }
          ],
          "store_path": "/nix/store/jsd390k2ryj5c8ibqxap7ln6ms7rkxzw-docker-27.4.1"
        }
      }
    },
    "gettext@latest": {
      "last_modified": "2024-12-30T01:48:12Z",
      "resolved": "github:NixOS/nixpkgs/6d97d419e5a9b36e6293887a89a078cf85f5a61b#gettext",
      "source": "devbox-search",
      "version": "0.22.5",
      "systems": {
        "aarch64-darwin": {
          "outputs": [
            {
              "name": "out",
              "path": "/nix/store/69lid8xyqwl0fx6f4czvdbqwjl85bm6a-gettext-0.22.5",
              "default": true
            },
            {
              "name": "man",
              "path": "/nix/store/qavp13cik7sr90n703pk37wh6r046q08-gettext-0.22.5-man",
              "default": true
            },
            {
              "name": "doc",
              "path": "/nix/store/55rhlah829jqz1r6iy0j7ic84gwd7gbs-gettext-0.22.5-doc"
            },
            {
              "name": "info",
              "path": "/nix/store/isra6rf1h7cycwn5amizljk4m7r18z4q-gettext-0.22.5-info"
            }
          ],
          "store_path": "/nix/store/69lid8xyqwl0fx6f4czvdbqwjl85bm6a-gettext-0.22.5"
        },
        "aarch64-linux": {
          "outputs": [
            {
              "name": "out",
              "path": "/nix/store/i8i65pqq0m9r0xg8zh3hg0lkbaqv8zxg-gettext-0.22.5",
              "default": true
            },
            {
              "name": "man",
              "path": "/nix/store/fwglxlvzy2n8llkgjaqpzyp4qdn7w316-gettext-0.22.5-man",
              "default": true
            },
            {
              "name": "doc",
              "path": "/nix/store/q8j3l18cg0ymadblmv9lszc52yrw01sz-gettext-0.22.5-doc"
            },
            {
              "name": "info",
              "path": "/nix/store/kmgbhvnfiaxlj684mkz3v567gvkahmq9-gettext-0.22.5-info"
            }
          ],
          "store_path": "/nix/store/i8i65pqq0m9r0xg8zh3hg0lkbaqv8zxg-gettext-0.22.5"
        },
        "x86_64-darwin": {
          "outputs": [
            {
              "name": "out",
              "path": "/nix/store/8qbp0swl03f3r5q1fyf4ym8466mxr8sm-gettext-0.22.5",
              "default": true
            },
            {
              "name": "man",
              "path": "/nix/store/cxmz4p53dmdw8pdcgqnciy76b6bxb1sd-gettext-0.22.5-man",
              "default": true
            },
            {
              "name": "doc",
              "path": "/nix/store/456fp9sb5n316n208f05lc98a5pbvdip-gettext-0.22.5-doc"
            },
            {
              "name": "info",
              "path": "/nix/store/6yrb9r72ggf585adqnjpi0kqb58bavj2-gettext-0.22.5-info"
            }
          ],
          "store_path": "/nix/store/8qbp0swl03f3r5q1fyf4ym8466mxr8sm-gettext-0.22.5"
        },
        "x86_64-linux": {
          "outputs": [
            {
              "name": "out",
              "path": "/nix/store/9a46kza0vbb4vdsdmpzbdc7f31y7hs0i-gettext-0.22.5",
              "default": true
            },
            {
              "name": "man",
              "path": "/nix/store/y1ygmb2m3v08p6wlvllkxprc7qflhpb1-gettext-0.22.5-man",
              "default": true
            },
            {
              "name": "doc",
              "path": "/nix/store/png8gz88hwq4105a3svw4wcrgpfis1qq-gettext-0.22.5-doc"
            },
            {
              "name": "info",
              "path": "/nix/store/gk9w68l6bar8svhhwqqyqf19if1ndw4r-gettext-0.22.5-info"
            }
          ],
          "store_path": "/nix/store/9a46kza0vbb4vdsdmpzbdc7f31y7hs0i-gettext-0.22.5"
        }
      }
    },
    "ginkgo@latest": {
      "last_modified": "2025-01-04T17:00:17Z",
      "resolved": "github:NixOS/nixpkgs/a1945f760a8fe019a4d753808de424dcd4e5b3cf#ginkgo",
      "source": "devbox-search",
      "version": "2.22.2",
      "systems": {
        "aarch64-darwin": {
          "outputs": [
            {
              "name": "out",
              "path": "/nix/store/jx97ihvp8adkk6g7z1hpqk1mbm4yr08n-ginkgo-2.22.2",
              "default": true
            }
          ],
          "store_path": "/nix/store/jx97ihvp8adkk6g7z1hpqk1mbm4yr08n-ginkgo-2.22.2"
        },
        "aarch64-linux": {
          "outputs": [
            {
              "name": "out",
              "path": "/nix/store/rd9qvng06dkwnwx5drw6hk6bgvk98y08-ginkgo-2.22.2",
              "default": true
            }
          ],
          "store_path": "/nix/store/rd9qvng06dkwnwx5drw6hk6bgvk98y08-ginkgo-2.22.2"
        },
        "x86_64-darwin": {
          "outputs": [
            {
              "name": "out",
              "path": "/nix/store/5na5m3pxk1ak2kdnjsr2y6zsiyv5xd0f-ginkgo-2.22.2",
              "default": true
            }
          ],
          "store_path": "/nix/store/5na5m3pxk1ak2kdnjsr2y6zsiyv5xd0f-ginkgo-2.22.2"
        },
        "x86_64-linux": {
          "outputs": [
            {
              "name": "out",
              "path": "/nix/store/32zhxqbi1fkzsq2w8qqajgcr7bhi8nj0-ginkgo-2.22.2",
              "default": true
            }
          ],
          "store_path": "/nix/store/32zhxqbi1fkzsq2w8qqajgcr7bhi8nj0-ginkgo-2.22.2"
        }
      }
    },
    "git@latest": {
      "last_modified": "2024-12-31T22:49:03Z",
      "resolved": "github:NixOS/nixpkgs/81934660d6e9ea54d2f0cdee821e8533b10c221a#git",
      "source": "devbox-search",
      "version": "2.47.0",
      "systems": {
        "aarch64-darwin": {
          "outputs": [
            {
              "name": "out",
              "path": "/nix/store/bi58hj6aqbswrwngsdzszzdf35vzsl36-git-2.47.0",
              "default": true
            },
            {
              "name": "doc",
              "path": "/nix/store/ilmzpslj8yvf5krdyz7bj08wjf03pxvj-git-2.47.0-doc"
            }
          ],
          "store_path": "/nix/store/bi58hj6aqbswrwngsdzszzdf35vzsl36-git-2.47.0"
        },
        "aarch64-linux": {
          "outputs": [
            {
              "name": "out",
              "path": "/nix/store/861v7354sw64ydk43jwdswwkqkf0dhq2-git-2.47.0",
              "default": true
            },
            {
              "name": "debug",
              "path": "/nix/store/cyfh5sk108g0yhif2ppxw3xyrbz9cc5k-git-2.47.0-debug"
            },
            {
              "name": "doc",
              "path": "/nix/store/4rj9xhq42v2b7nxf77xlkqbd20jzby0i-git-2.47.0-doc"
            }
          ],
          "store_path": "/nix/store/861v7354sw64ydk43jwdswwkqkf0dhq2-git-2.47.0"
        },
        "x86_64-darwin": {
          "outputs": [
            {
              "name": "out",
              "path": "/nix/store/v283088hdcppiswvqslgfspxwnq4ldz3-git-2.47.0",
              "default": true
            },
            {
              "name": "doc",
              "path": "/nix/store/i5rw1f8xv1sp13lcsxq0bkswn600lcmx-git-2.47.0-doc"
            }
          ],
          "store_path": "/nix/store/v283088hdcppiswvqslgfspxwnq4ldz3-git-2.47.0"
        },
        "x86_64-linux": {
          "outputs": [
            {
              "name": "out",
              "path": "/nix/store/iwq58rpn6idjnxbnyjh351776qzvsd0r-git-2.47.0",
              "default": true
            },
            {
              "name": "debug",
              "path": "/nix/store/1s38v03xh8d88b1wm8iwpkrpy6cf3ydq-git-2.47.0-debug"
            },
            {
              "name": "doc",
              "path": "/nix/store/kn855hkv6yda9wi7g48lxwgplijqijb9-git-2.47.0-doc"
            }
          ],
          "store_path": "/nix/store/iwq58rpn6idjnxbnyjh351776qzvsd0r-git-2.47.0"
        }
      }
    },
    "go-mockery@latest": {
      "last_modified": "2024-12-30T10:25:05Z",
      "resolved": "github:NixOS/nixpkgs/0e82ab234249d8eee3e8c91437802b32c74bb3fd#go-mockery",
      "source": "devbox-search",
      "version": "2.50.1",
      "systems": {
        "aarch64-darwin": {
          "outputs": [
            {
              "name": "out",
              "path": "/nix/store/1n2x3h9nhx9zzkdxg30f6gdvqr888wq7-go-mockery-2.50.1",
              "default": true
            }
          ],
          "store_path": "/nix/store/1n2x3h9nhx9zzkdxg30f6gdvqr888wq7-go-mockery-2.50.1"
        },
        "aarch64-linux": {
          "outputs": [
            {
              "name": "out",
              "path": "/nix/store/5lf841d5awd6xr8w2x6fmvyrmgq0bixk-go-mockery-2.50.1",
              "default": true
            }
          ],
          "store_path": "/nix/store/5lf841d5awd6xr8w2x6fmvyrmgq0bixk-go-mockery-2.50.1"
        },
        "x86_64-darwin": {
          "outputs": [
            {
              "name": "out",
              "path": "/nix/store/hwhs16bdz7l3lw7642l5d7hrybyhkdgn-go-mockery-2.50.1",
              "default": true
            }
          ],
          "store_path": "/nix/store/hwhs16bdz7l3lw7642l5d7hrybyhkdgn-go-mockery-2.50.1"
        },
        "x86_64-linux": {
          "outputs": [
            {
              "name": "out",
              "path": "/nix/store/3wn5xwj27iw72sw30scbabsp41dxbm5k-go-mockery-2.50.1",
              "default": true
            }
          ],
          "store_path": "/nix/store/3wn5xwj27iw72sw30scbabsp41dxbm5k-go-mockery-2.50.1"
        }
      }
    },
    "go@1.23": {
      "last_modified": "2024-12-23T21:10:33Z",
      "resolved": "github:NixOS/nixpkgs/de1864217bfa9b5845f465e771e0ecb48b30e02d#go",
      "source": "devbox-search",
      "version": "1.23.4",
      "systems": {
        "aarch64-darwin": {
          "outputs": [
            {
              "name": "out",
              "path": "/nix/store/bva4mymi5b2lhvvbccx8ipws89rar1d8-go-1.23.4",
              "default": true
            }
          ],
          "store_path": "/nix/store/bva4mymi5b2lhvvbccx8ipws89rar1d8-go-1.23.4"
        },
        "aarch64-linux": {
          "outputs": [
            {
              "name": "out",
              "path": "/nix/store/9lvi0l2yf6bwamsjs5d5n9i57c6kbd2c-go-1.23.4",
              "default": true
            }
          ],
          "store_path": "/nix/store/9lvi0l2yf6bwamsjs5d5n9i57c6kbd2c-go-1.23.4"
        },
        "x86_64-darwin": {
          "outputs": [
            {
              "name": "out",
              "path": "/nix/store/sf1y7x29wvp9lppx5ya9h5b42fcmxb32-go-1.23.4",
              "default": true
            }
          ],
          "store_path": "/nix/store/sf1y7x29wvp9lppx5ya9h5b42fcmxb32-go-1.23.4"
        },
        "x86_64-linux": {
          "outputs": [
            {
              "name": "out",
              "path": "/nix/store/jfv85qbj4vb1dafcg6kncg4vrbq2bbxv-go-1.23.4",
              "default": true
            }
          ],
          "store_path": "/nix/store/jfv85qbj4vb1dafcg6kncg4vrbq2bbxv-go-1.23.4"
        }
      }
    },
    "golangci-lint@1.60": {
      "last_modified": "2024-09-07T06:00:21Z",
      "resolved": "github:NixOS/nixpkgs/29cca090417df03e6d1928d99f77e8e81c74c3fa#golangci-lint",
      "source": "devbox-search",
      "version": "1.60.3",
      "systems": {
        "aarch64-darwin": {
          "outputs": [
            {
              "name": "out",
              "path": "/nix/store/byyqd75qaws3bp84lfnipwdz65y2sms8-golangci-lint-1.60.3",
              "default": true
            }
          ],
          "store_path": "/nix/store/byyqd75qaws3bp84lfnipwdz65y2sms8-golangci-lint-1.60.3"
        },
        "aarch64-linux": {
          "outputs": [
            {
              "name": "out",
              "path": "/nix/store/q76c0iw8rpf1n8v2kwl7shiiymvm2lkn-golangci-lint-1.60.3",
              "default": true
            }
          ],
          "store_path": "/nix/store/q76c0iw8rpf1n8v2kwl7shiiymvm2lkn-golangci-lint-1.60.3"
        },
        "x86_64-darwin": {
          "outputs": [
            {
              "name": "out",
              "path": "/nix/store/4ihxpxi0q56329cnvikv15vcj4lsz17m-golangci-lint-1.60.3",
              "default": true
            }
          ],
          "store_path": "/nix/store/4ihxpxi0q56329cnvikv15vcj4lsz17m-golangci-lint-1.60.3"
        },
        "x86_64-linux": {
          "outputs": [
            {
              "name": "out",
              "path": "/nix/store/ilaacmahr3mfjh2hsfvcsyh7f2gsz0zj-golangci-lint-1.60.3",
              "default": true
            }
          ],
          "store_path": "/nix/store/ilaacmahr3mfjh2hsfvcsyh7f2gsz0zj-golangci-lint-1.60.3"
        }
      }
    },
    "gotests@latest": {
      "last_modified": "2024-12-23T21:10:33Z",
      "resolved": "github:NixOS/nixpkgs/de1864217bfa9b5845f465e771e0ecb48b30e02d#gotests",
      "source": "devbox-search",
      "version": "1.6.0",
      "systems": {
        "aarch64-darwin": {
          "outputs": [
            {
              "name": "out",
              "path": "/nix/store/g6w7frl7j09a92yiinzp87pan8wk1h58-gotests-1.6.0",
              "default": true
            }
          ],
          "store_path": "/nix/store/g6w7frl7j09a92yiinzp87pan8wk1h58-gotests-1.6.0"
        },
        "aarch64-linux": {
          "outputs": [
            {
              "name": "out",
              "path": "/nix/store/jlxd81drr598hkr1fbcx26bjw0b377nf-gotests-1.6.0",
              "default": true
            }
          ],
          "store_path": "/nix/store/jlxd81drr598hkr1fbcx26bjw0b377nf-gotests-1.6.0"
        },
        "x86_64-darwin": {
          "outputs": [
            {
              "name": "out",
              "path": "/nix/store/qclpsidgga60383ry488qangwx261kbj-gotests-1.6.0",
              "default": true
            }
          ],
          "store_path": "/nix/store/qclpsidgga60383ry488qangwx261kbj-gotests-1.6.0"
        },
        "x86_64-linux": {
          "outputs": [
            {
              "name": "out",
              "path": "/nix/store/670ka4gnaqf72f26nw8sz0mnwdm54i76-gotests-1.6.0",
              "default": true
            }
          ],
          "store_path": "/nix/store/670ka4gnaqf72f26nw8sz0mnwdm54i76-gotests-1.6.0"
        }
      }
    },
    "gotools@latest": {
      "last_modified": "2024-12-23T21:10:33Z",
      "resolved": "github:NixOS/nixpkgs/de1864217bfa9b5845f465e771e0ecb48b30e02d#gotools",
      "source": "devbox-search",
      "version": "0.25.0",
      "systems": {
        "aarch64-darwin": {
          "outputs": [
            {
              "name": "out",
              "path": "/nix/store/v6xjdcrlrr1897i4siink7y3pxjcmkzm-gotools-0.25.0",
              "default": true
            }
          ],
          "store_path": "/nix/store/v6xjdcrlrr1897i4siink7y3pxjcmkzm-gotools-0.25.0"
        },
        "aarch64-linux": {
          "outputs": [
            {
              "name": "out",
              "path": "/nix/store/mpgyif6gfs68szd10awin09jc40dg59j-gotools-0.25.0",
              "default": true
            }
          ],
          "store_path": "/nix/store/mpgyif6gfs68szd10awin09jc40dg59j-gotools-0.25.0"
        },
        "x86_64-darwin": {
          "outputs": [
            {
              "name": "out",
              "path": "/nix/store/bvbzi5qg6fcr9vadisqlvidrf3r7037a-gotools-0.25.0",
              "default": true
            }
          ],
          "store_path": "/nix/store/bvbzi5qg6fcr9vadisqlvidrf3r7037a-gotools-0.25.0"
        },
        "x86_64-linux": {
          "outputs": [
            {
              "name": "out",
              "path": "/nix/store/mnnv5iqsa1hcc9v1snyxai3yqzmav9kf-gotools-0.25.0",
              "default": true
            }
          ],
          "store_path": "/nix/store/mnnv5iqsa1hcc9v1snyxai3yqzmav9kf-gotools-0.25.0"
        }
      }
    },
    "govulncheck@latest": {
      "last_modified": "2024-12-23T21:10:33Z",
      "resolved": "github:NixOS/nixpkgs/de1864217bfa9b5845f465e771e0ecb48b30e02d#govulncheck",
      "source": "devbox-search",
      "version": "1.1.3",
      "systems": {
        "aarch64-darwin": {
          "outputs": [
            {
              "name": "out",
              "path": "/nix/store/by599rqqdjnsyqwfhq9j6rzri0ddfy8i-govulncheck-1.1.3",
              "default": true
            }
          ],
          "store_path": "/nix/store/by599rqqdjnsyqwfhq9j6rzri0ddfy8i-govulncheck-1.1.3"
        },
        "aarch64-linux": {
          "outputs": [
            {
              "name": "out",
              "path": "/nix/store/prc7h2103j64dhw233jay1pbap2rarzc-govulncheck-1.1.3",
              "default": true
            }
          ],
          "store_path": "/nix/store/prc7h2103j64dhw233jay1pbap2rarzc-govulncheck-1.1.3"
        },
        "x86_64-darwin": {
          "outputs": [
            {
              "name": "out",
              "path": "/nix/store/ndhb3mfml5qamqdh8hz56v5plpx7jvfh-govulncheck-1.1.3",
              "default": true
            }
          ],
          "store_path": "/nix/store/ndhb3mfml5qamqdh8hz56v5plpx7jvfh-govulncheck-1.1.3"
        },
        "x86_64-linux": {
          "outputs": [
            {
              "name": "out",
              "path": "/nix/store/szn68kvpg2p5l42fgnydwhijqhc1qn50-govulncheck-1.1.3",
              "default": true
            }
          ],
          "store_path": "/nix/store/szn68kvpg2p5l42fgnydwhijqhc1qn50-govulncheck-1.1.3"
        }
      }
    },
    "jq@latest": {
      "last_modified": "2025-01-07T09:15:50Z",
      "resolved": "github:NixOS/nixpkgs/8c9fd3e564728e90829ee7dbac6edc972971cd0f#jq",
      "source": "devbox-search",
      "version": "1.7.1",
      "systems": {
        "aarch64-darwin": {
          "outputs": [
            {
              "name": "bin",
              "path": "/nix/store/x07x6ixbqrh7javaz84sh7lxy5zjwc66-jq-1.7.1-bin",
              "default": true
            },
            {
              "name": "man",
              "path": "/nix/store/fik16kqw21fpfknda8xpmqi94brmdy5m-jq-1.7.1-man",
              "default": true
            },
            {
              "name": "doc",
              "path": "/nix/store/viyl0y7dbapp79ibwliqfljxr13n89b9-jq-1.7.1-doc"
            },
            {
              "name": "out",
              "path": "/nix/store/kkymhin05qdfplfnv5k50x0fb9qbvrbl-jq-1.7.1"
            },
            {
              "name": "dev",
              "path": "/nix/store/lhqbi2g0dpiv87341gzzd3vlkcs817yq-jq-1.7.1-dev"
            }
          ],
          "store_path": "/nix/store/x07x6ixbqrh7javaz84sh7lxy5zjwc66-jq-1.7.1-bin"
        },
        "aarch64-linux": {
          "outputs": [
            {
              "name": "bin",
              "path": "/nix/store/bs198wj6yi71yzbiykizj5y79ll1y5a5-jq-1.7.1-bin",
              "default": true
            },
            {
              "name": "man",
              "path": "/nix/store/0brmnz2q55dkzqbnld9s2l53hzyi82yg-jq-1.7.1-man",
              "default": true
            },
            {
              "name": "dev",
              "path": "/nix/store/ibh2q48q1xn2bfyvjm6kr3wkphi3rb9r-jq-1.7.1-dev"
            },
            {
              "name": "doc",
              "path": "/nix/store/wjjkav2gqfj67wzzkfw9gmp878dxpy0r-jq-1.7.1-doc"
            },
            {
              "name": "out",
              "path": "/nix/store/cpxcnasas8nnwib686pbhzrkz1cnq0p6-jq-1.7.1"
            }
          ],
          "store_path": "/nix/store/bs198wj6yi71yzbiykizj5y79ll1y5a5-jq-1.7.1-bin"
        },
        "x86_64-darwin": {
          "outputs": [
            {
              "name": "bin",
              "path": "/nix/store/ingdf4pkbkm85bfl0j95j834lvhllp3a-jq-1.7.1-bin",
              "default": true
            },
            {
              "name": "man",
              "path": "/nix/store/w6aijc6k90s04jx5a7pk8j1gmacyllqc-jq-1.7.1-man",
              "default": true
            },
            {
              "name": "dev",
              "path": "/nix/store/zvwl6lq9xq1sk9vapx51vajz00c80087-jq-1.7.1-dev"
            },
            {
              "name": "doc",
              "path": "/nix/store/22qfscingx32vgap2kg9gcrgcrvv6ykn-jq-1.7.1-doc"
            },
            {
              "name": "out",
              "path": "/nix/store/0g44qcyxjr944pn560l3mr884akh7il4-jq-1.7.1"
            }
          ],
          "store_path": "/nix/store/ingdf4pkbkm85bfl0j95j834lvhllp3a-jq-1.7.1-bin"
        },
        "x86_64-linux": {
          "outputs": [
            {
              "name": "bin",
              "path": "/nix/store/c79nkzxaiki5r7igd4a5lawwdds38f2l-jq-1.7.1-bin",
              "default": true
            },
            {
              "name": "man",
              "path": "/nix/store/bj4b7al7f1x6lvsk1p5gza26ya5is8zn-jq-1.7.1-man",
              "default": true
            },
            {
              "name": "out",
              "path": "/nix/store/s8vyrf9xh2yh66ilivw3gi8hzxv7d44c-jq-1.7.1"
            },
            {
              "name": "dev",
              "path": "/nix/store/4nrxcmjis6bahcr6gphczjfhz12f2vnd-jq-1.7.1-dev"
            },
            {
              "name": "doc",
              "path": "/nix/store/kbp9hjh0zcqdc04kiya3wazs50g3mhnp-jq-1.7.1-doc"
            }
          ],
          "store_path": "/nix/store/c79nkzxaiki5r7igd4a5lawwdds38f2l-jq-1.7.1-bin"
        }
      }
    },
    "kubebuilder@4.1.1": {
      "last_modified": "2024-08-31T10:12:23Z",
      "resolved": "github:NixOS/nixpkgs/5629520edecb69630a3f4d17d3d33fc96c13f6fe#kubebuilder",
      "source": "devbox-search",
      "version": "4.1.1",
      "systems": {
        "aarch64-darwin": {
          "outputs": [
            {
              "name": "out",
              "path": "/nix/store/mjjfab1knf8kwzcdmi5bpm17ykiqm0f8-kubebuilder-4.1.1",
              "default": true
            }
          ],
          "store_path": "/nix/store/mjjfab1knf8kwzcdmi5bpm17ykiqm0f8-kubebuilder-4.1.1"
        },
        "aarch64-linux": {
          "outputs": [
            {
              "name": "out",
              "path": "/nix/store/jbspkcg7n3h8wfqwrpc55n067z2vvdpx-kubebuilder-4.1.1",
              "default": true
            }
          ],
          "store_path": "/nix/store/jbspkcg7n3h8wfqwrpc55n067z2vvdpx-kubebuilder-4.1.1"
        },
        "x86_64-darwin": {
          "outputs": [
            {
              "name": "out",
              "path": "/nix/store/n0k0k1ynm7nzq0r8vbshwwwl5f483d5c-kubebuilder-4.1.1",
              "default": true
            }
          ],
          "store_path": "/nix/store/n0k0k1ynm7nzq0r8vbshwwwl5f483d5c-kubebuilder-4.1.1"
        },
        "x86_64-linux": {
          "outputs": [
            {
              "name": "out",
              "path": "/nix/store/4ayrlq6fj6ki0wi4ixiip86cda3l5g8n-kubebuilder-4.1.1",
              "default": true
            }
          ],
          "store_path": "/nix/store/4ayrlq6fj6ki0wi4ixiip86cda3l5g8n-kubebuilder-4.1.1"
        }
      }
    },
    "kubectl@latest": {
      "last_modified": "2024-12-23T21:10:33Z",
      "resolved": "github:NixOS/nixpkgs/de1864217bfa9b5845f465e771e0ecb48b30e02d#kubectl",
      "source": "devbox-search",
      "version": "1.32.0",
      "systems": {
        "aarch64-darwin": {
          "outputs": [
            {
              "name": "out",
              "path": "/nix/store/i8cpdk16v3gj7bx0wh009xsr3zjyykdy-kubectl-1.32.0",
              "default": true
            },
            {
              "name": "man",
              "path": "/nix/store/3nz42pz97757darq7yy930yh5l8xhb03-kubectl-1.32.0-man",
              "default": true
            },
            {
              "name": "convert",
              "path": "/nix/store/4kamlm1ii5j7zmivizvpl8l7nw4da1n8-kubectl-1.32.0-convert"
            }
          ],
          "store_path": "/nix/store/i8cpdk16v3gj7bx0wh009xsr3zjyykdy-kubectl-1.32.0"
        },
        "aarch64-linux": {
          "outputs": [
            {
              "name": "out",
              "path": "/nix/store/df7cvpjy0wm1c5z6l44qb9085yfx72yn-kubectl-1.32.0",
              "default": true
            },
            {
              "name": "man",
              "path": "/nix/store/3cl305jf0x48ad2gkhhgbi5gnsmrcci6-kubectl-1.32.0-man",
              "default": true
            },
            {
              "name": "convert",
              "path": "/nix/store/av3jckh7q3lswq8p0bfwiirvbpp0rvyz-kubectl-1.32.0-convert"
            }
          ],
          "store_path": "/nix/store/df7cvpjy0wm1c5z6l44qb9085yfx72yn-kubectl-1.32.0"
        },
        "x86_64-darwin": {
          "outputs": [
            {
              "name": "out",
              "path": "/nix/store/qqxzggng2kw7z7dzvyajfwixmz923k3w-kubectl-1.32.0",
              "default": true
            },
            {
              "name": "man",
              "path": "/nix/store/9dj1jjvk7wp5nn20j7m00yrb6m12sxhh-kubectl-1.32.0-man",
              "default": true
            },
            {
              "name": "convert",
              "path": "/nix/store/pcjy7wd5dm98iyw8qybq7mn5bbd906kc-kubectl-1.32.0-convert"
            }
          ],
          "store_path": "/nix/store/qqxzggng2kw7z7dzvyajfwixmz923k3w-kubectl-1.32.0"
        },
        "x86_64-linux": {
          "outputs": [
            {
              "name": "out",
              "path": "/nix/store/bji52bdp0fpnl11lqvwbqjbvs84zmprz-kubectl-1.32.0",
              "default": true
            },
            {
              "name": "man",
              "path": "/nix/store/i4jqhs1mw5v0igk0ry0y1w22rb1lbykz-kubectl-1.32.0-man",
              "default": true
            },
            {
              "name": "convert",
              "path": "/nix/store/s8pn6j48wrwr9fh5x2836ywcnai2wxma-kubectl-1.32.0-convert"
            }
          ],
          "store_path": "/nix/store/bji52bdp0fpnl11lqvwbqjbvs84zmprz-kubectl-1.32.0"
        }
      }
    },
    "kubernetes-controller-tools@0.16.1": {
      "last_modified": "2024-09-10T15:01:03Z",
      "resolved": "github:NixOS/nixpkgs/5ed627539ac84809c78b2dd6d26a5cebeb5ae269#kubernetes-controller-tools",
      "source": "devbox-search",
      "version": "0.16.1",
      "systems": {
        "aarch64-darwin": {
          "outputs": [
            {
              "name": "out",
              "path": "/nix/store/81ynvd61f8jha78p44r6ya7rsf5292qb-controller-tools-0.16.1",
              "default": true
            }
          ],
          "store_path": "/nix/store/81ynvd61f8jha78p44r6ya7rsf5292qb-controller-tools-0.16.1"
        },
        "aarch64-linux": {
          "outputs": [
            {
              "name": "out",
              "path": "/nix/store/c2aaf01sisq5ai2zjgnqaxbykxghqy1h-controller-tools-0.16.1",
              "default": true
            }
          ],
          "store_path": "/nix/store/c2aaf01sisq5ai2zjgnqaxbykxghqy1h-controller-tools-0.16.1"
        },
        "x86_64-darwin": {
          "outputs": [
            {
              "name": "out",
              "path": "/nix/store/42ar5zfn1ycr6pg13q74r4bcrg89pwc5-controller-tools-0.16.1",
              "default": true
            }
          ],
          "store_path": "/nix/store/42ar5zfn1ycr6pg13q74r4bcrg89pwc5-controller-tools-0.16.1"
        },
        "x86_64-linux": {
          "outputs": [
            {
              "name": "out",
              "path": "/nix/store/a28n08d6knfjdirnnn1n7ynn5dijccml-controller-tools-0.16.1",
              "default": true
            }
          ],
          "store_path": "/nix/store/a28n08d6knfjdirnnn1n7ynn5dijccml-controller-tools-0.16.1"
        }
      }
    },
    "kubernetes-helm@latest": {
      "last_modified": "2024-12-23T21:10:33Z",
      "resolved": "github:NixOS/nixpkgs/de1864217bfa9b5845f465e771e0ecb48b30e02d#kubernetes-helm",
      "source": "devbox-search",
      "version": "3.16.4",
      "systems": {
        "aarch64-darwin": {
          "outputs": [
            {
              "name": "out",
              "path": "/nix/store/ldyw27qinlywajskcgp06b0vxqi3j7sw-kubernetes-helm-3.16.4",
              "default": true
            }
          ],
          "store_path": "/nix/store/ldyw27qinlywajskcgp06b0vxqi3j7sw-kubernetes-helm-3.16.4"
        },
        "aarch64-linux": {
          "outputs": [
            {
              "name": "out",
              "path": "/nix/store/lpjy11ccpalk012sbfjxzdgvlbv722a3-kubernetes-helm-3.16.4",
              "default": true
            }
          ],
          "store_path": "/nix/store/lpjy11ccpalk012sbfjxzdgvlbv722a3-kubernetes-helm-3.16.4"
        },
        "x86_64-darwin": {
          "outputs": [
            {
              "name": "out",
              "path": "/nix/store/f1141pdh3jzcjx033s0w1h00w21vnlwq-kubernetes-helm-3.16.4",
              "default": true
            }
          ],
          "store_path": "/nix/store/f1141pdh3jzcjx033s0w1h00w21vnlwq-kubernetes-helm-3.16.4"
        },
        "x86_64-linux": {
          "outputs": [
            {
              "name": "out",
              "path": "/nix/store/smn3ia62s9svrh2sy8sasl8sgkjcylsp-kubernetes-helm-3.16.4",
              "default": true
            }
          ],
          "store_path": "/nix/store/smn3ia62s9svrh2sy8sasl8sgkjcylsp-kubernetes-helm-3.16.4"
        }
      }
    },
    "kustomize@4.3": {
      "last_modified": "2021-10-22T02:15:45Z",
      "resolved": "github:NixOS/nixpkgs/718895c14907b60069520b6394b4dbb6e3aa9c33#kustomize",
      "source": "devbox-search",
      "version": "4.3.0",
      "systems": {
        "aarch64-darwin": {
          "outputs": [
            {
              "path": "/nix/store/72hchxzawfrj0ayhqcb57wyz11320w13-kustomize-4.3.0",
              "default": true
            }
          ]
        },
        "x86_64-linux": {
          "outputs": [
            {
              "path": "/nix/store/cyxijsvrvl4v986z606yirrdk4pzcqj8-kustomize-4.3.0",
              "default": true
            }
          ]
        }
      }
    },
    "operator-sdk@1.36.1": {
      "last_modified": "2024-09-10T15:01:03Z",
      "resolved": "github:NixOS/nixpkgs/5ed627539ac84809c78b2dd6d26a5cebeb5ae269#operator-sdk",
      "source": "devbox-search",
      "version": "1.36.1",
      "systems": {
        "aarch64-darwin": {
          "outputs": [
            {
              "name": "out",
              "path": "/nix/store/cmzhlf5ccjc3ps1bgf9wxcvx6xak518b-operator-sdk-1.36.1",
              "default": true
            }
          ],
          "store_path": "/nix/store/cmzhlf5ccjc3ps1bgf9wxcvx6xak518b-operator-sdk-1.36.1"
        },
        "aarch64-linux": {
          "outputs": [
            {
              "name": "out",
              "path": "/nix/store/fy9968gdpy5lmi8hhfjcv1jfidxmpr0i-operator-sdk-1.36.1",
              "default": true
            }
          ],
          "store_path": "/nix/store/fy9968gdpy5lmi8hhfjcv1jfidxmpr0i-operator-sdk-1.36.1"
        },
        "x86_64-darwin": {
          "outputs": [
            {
              "name": "out",
              "path": "/nix/store/awimsm4xgvilaa9afnadljmiaxb0f969-operator-sdk-1.36.1",
              "default": true
            }
          ],
          "store_path": "/nix/store/awimsm4xgvilaa9afnadljmiaxb0f969-operator-sdk-1.36.1"
        },
        "x86_64-linux": {
          "outputs": [
            {
              "name": "out",
              "path": "/nix/store/0n2mm7rkk7789cn7559mic9jvz7zaf93-operator-sdk-1.36.1",
              "default": true
            }
          ],
          "store_path": "/nix/store/0n2mm7rkk7789cn7559mic9jvz7zaf93-operator-sdk-1.36.1"
        }
      }
    },
    "setup-envtest@0.18.2": {
      "last_modified": "2024-09-10T15:01:03Z",
      "resolved": "github:NixOS/nixpkgs/5ed627539ac84809c78b2dd6d26a5cebeb5ae269#setup-envtest",
      "source": "devbox-search",
      "version": "0.18.2",
      "systems": {
        "aarch64-darwin": {
          "outputs": [
            {
              "name": "out",
              "path": "/nix/store/kc22jbvb811zysi9245w4nimyipr2dyz-setup-envtest-0.18.2",
              "default": true
            }
          ],
          "store_path": "/nix/store/kc22jbvb811zysi9245w4nimyipr2dyz-setup-envtest-0.18.2"
        },
        "aarch64-linux": {
          "outputs": [
            {
              "name": "out",
              "path": "/nix/store/0x6wm35hdh1h1lpcq2s5akj2y1s17apy-setup-envtest-0.18.2",
              "default": true
            }
          ],
          "store_path": "/nix/store/0x6wm35hdh1h1lpcq2s5akj2y1s17apy-setup-envtest-0.18.2"
        },
        "x86_64-darwin": {
          "outputs": [
            {
              "name": "out",
              "path": "/nix/store/mhv8afglwwy8ajb1c5s4xdc0c3p1s9m7-setup-envtest-0.18.2",
              "default": true
            }
          ],
          "store_path": "/nix/store/mhv8afglwwy8ajb1c5s4xdc0c3p1s9m7-setup-envtest-0.18.2"
        },
        "x86_64-linux": {
          "outputs": [
            {
              "name": "out",
              "path": "/nix/store/7rlfhmyxv2hnhqjrj1xmgy6ygkis8fwm-setup-envtest-0.18.2",
              "default": true
            }
          ],
          "store_path": "/nix/store/7rlfhmyxv2hnhqjrj1xmgy6ygkis8fwm-setup-envtest-0.18.2"
        }
      }
    },
    "shellcheck@latest": {
      "last_modified": "2024-12-23T21:10:33Z",
      "resolved": "github:NixOS/nixpkgs/de1864217bfa9b5845f465e771e0ecb48b30e02d#shellcheck",
      "source": "devbox-search",
      "version": "0.10.0",
      "systems": {
        "aarch64-darwin": {
          "outputs": [
            {
              "name": "bin",
              "path": "/nix/store/n2n09kxq2d077jfl4lsfdky68mfqljsp-shellcheck-0.10.0-bin",
              "default": true
            },
            {
              "name": "man",
              "path": "/nix/store/2ffg4iskkjnqwspj5cnyc9r5fi5crqpi-shellcheck-0.10.0-man",
              "default": true
            },
            {
              "name": "doc",
              "path": "/nix/store/qx18mj9h0h3yzzn9671ycv8i5f34wnfj-shellcheck-0.10.0-doc",
              "default": true
            },
            {
              "name": "out",
              "path": "/nix/store/rrq5w2sg6l23v4adqqzvhajl0hm6fij9-shellcheck-0.10.0"
            }
          ],
          "store_path": "/nix/store/n2n09kxq2d077jfl4lsfdky68mfqljsp-shellcheck-0.10.0-bin"
        },
        "aarch64-linux": {
          "outputs": [
            {
              "name": "bin",
              "path": "/nix/store/d9pyyl4zz5vhdd1ja1rij8rvx4g2zr0q-shellcheck-0.10.0-bin",
              "default": true
            },
            {
              "name": "man",
              "path": "/nix/store/cyc84gzdk9jgnim7vhlkj2jyrzy3f6l0-shellcheck-0.10.0-man",
              "default": true
            },
            {
              "name": "doc",
              "path": "/nix/store/ylrpz2sqh1fd4c1gc5qpqfaijzb4qcf8-shellcheck-0.10.0-doc",
              "default": true
            },
            {
              "name": "out",
              "path": "/nix/store/b1dsjs45mfsv84lh7j7vvy9hii1m3irr-shellcheck-0.10.0"
            }
          ],
          "store_path": "/nix/store/d9pyyl4zz5vhdd1ja1rij8rvx4g2zr0q-shellcheck-0.10.0-bin"
        },
        "x86_64-darwin": {
          "outputs": [
            {
              "name": "bin",
              "path": "/nix/store/l00pkvfjax8rs8if17ygwhaaw1279rx1-shellcheck-0.10.0-bin",
              "default": true
            },
            {
              "name": "man",
              "path": "/nix/store/xqcbch1l3h8wn9h154a02w34cyl6b7bi-shellcheck-0.10.0-man",
              "default": true
            },
            {
              "name": "doc",
              "path": "/nix/store/pzjhf3vkqgv8vss9z96mgrca53njyq3y-shellcheck-0.10.0-doc",
              "default": true
            },
            {
              "name": "out",
              "path": "/nix/store/fwj1zqqmikw8l625q5s5spy1jqx29dyr-shellcheck-0.10.0"
            }
          ],
          "store_path": "/nix/store/l00pkvfjax8rs8if17ygwhaaw1279rx1-shellcheck-0.10.0-bin"
        },
        "x86_64-linux": {
          "outputs": [
            {
              "name": "bin",
              "path": "/nix/store/g6fx0dy7203d6b9mcm366wqjlvgjk4bg-shellcheck-0.10.0-bin",
              "default": true
            },
            {
              "name": "man",
              "path": "/nix/store/b6df9qlddfzy8a6aqcnyysdpja2cd1mv-shellcheck-0.10.0-man",
              "default": true
            },
            {
              "name": "doc",
              "path": "/nix/store/blxfb83f55nwpyad301pdxddadid5x6s-shellcheck-0.10.0-doc",
              "default": true
            },
            {
              "name": "out",
              "path": "/nix/store/6qxij2ij5b5hisqhyssdx019slgkqpnn-shellcheck-0.10.0"
            }
          ],
          "store_path": "/nix/store/g6fx0dy7203d6b9mcm366wqjlvgjk4bg-shellcheck-0.10.0-bin"
        }
      }
    },
    "wget@latest": {
      "last_modified": "2024-12-23T21:10:33Z",
      "resolved": "github:NixOS/nixpkgs/de1864217bfa9b5845f465e771e0ecb48b30e02d#wget",
      "source": "devbox-search",
      "version": "1.25.0",
      "systems": {
        "aarch64-darwin": {
          "outputs": [
            {
              "name": "out",
              "path": "/nix/store/rjsz2sx5q97jdcx677ndw4c0bdlfh55m-wget-1.25.0",
              "default": true
            }
          ],
          "store_path": "/nix/store/rjsz2sx5q97jdcx677ndw4c0bdlfh55m-wget-1.25.0"
        },
        "aarch64-linux": {
          "outputs": [
            {
              "name": "out",
              "path": "/nix/store/792w23wrd0r0brvkrd3ni3gmk34f3pi7-wget-1.25.0",
              "default": true
            }
          ],
          "store_path": "/nix/store/792w23wrd0r0brvkrd3ni3gmk34f3pi7-wget-1.25.0"
        },
        "x86_64-darwin": {
          "outputs": [
            {
              "name": "out",
              "path": "/nix/store/lnw7sb4mkxrb769pknwdldxb6dgjsw2q-wget-1.25.0",
              "default": true
            }
          ],
          "store_path": "/nix/store/lnw7sb4mkxrb769pknwdldxb6dgjsw2q-wget-1.25.0"
        },
        "x86_64-linux": {
          "outputs": [
            {
              "name": "out",
              "path": "/nix/store/3kfrvmzrng8b1g7639n1f89f6dymlgin-wget-1.25.0",
              "default": true
            }
          ],
          "store_path": "/nix/store/3kfrvmzrng8b1g7639n1f89f6dymlgin-wget-1.25.0"
        }
      }
    },
    "yq-go@latest": {
      "last_modified": "2024-12-23T21:10:33Z",
      "resolved": "github:NixOS/nixpkgs/de1864217bfa9b5845f465e771e0ecb48b30e02d#yq-go",
      "source": "devbox-search",
      "version": "4.44.6",
      "systems": {
        "aarch64-darwin": {
          "outputs": [
            {
              "name": "out",
              "path": "/nix/store/cv2yhzv2vv5mp205jc2y97f8cz13c4p7-yq-go-4.44.6",
              "default": true
            }
          ],
          "store_path": "/nix/store/cv2yhzv2vv5mp205jc2y97f8cz13c4p7-yq-go-4.44.6"
        },
        "aarch64-linux": {
          "outputs": [
            {
              "name": "out",
              "path": "/nix/store/chs70a09khlmc1agnnl4nds77a03my0m-yq-go-4.44.6",
              "default": true
            }
          ],
          "store_path": "/nix/store/chs70a09khlmc1agnnl4nds77a03my0m-yq-go-4.44.6"
        },
        "x86_64-darwin": {
          "outputs": [
            {
              "name": "out",
              "path": "/nix/store/h4mqacjb4hj0xsn61blpi8jgw49wdwcx-yq-go-4.44.6",
              "default": true
            }
          ],
          "store_path": "/nix/store/h4mqacjb4hj0xsn61blpi8jgw49wdwcx-yq-go-4.44.6"
        },
        "x86_64-linux": {
          "outputs": [
            {
              "name": "out",
              "path": "/nix/store/nzrxb2vwxwnmndccndf0hdyc4vcjmz3y-yq-go-4.44.6",
              "default": true
            }
          ],
          "store_path": "/nix/store/nzrxb2vwxwnmndccndf0hdyc4vcjmz3y-yq-go-4.44.6"
        }
      }
    }
  }
}
