{
  "lockfile_version": "1",
  "packages": {
    "act@latest": {
      "last_modified": "2025-03-16T16:17:41Z",
      "resolved": "github:NixOS/nixpkgs/8f76cf16b17c51ae0cc8e55488069593f6dab645#act",
      "source": "devbox-search",
      "version": "0.2.75",
      "systems": {
        "aarch64-darwin": {
          "outputs": [
            {
              "name": "out",
              "path": "/nix/store/k8pmyv6mzsny8hzffnb3xs0iv8bfj5y2-act-0.2.75",
              "default": true
            }
          ],
          "store_path": "/nix/store/k8pmyv6mzsny8hzffnb3xs0iv8bfj5y2-act-0.2.75"
        },
        "aarch64-linux": {
          "outputs": [
            {
              "name": "out",
              "path": "/nix/store/s6l244rv3j2a28n5c1fzznjbp1phsicy-act-0.2.75",
              "default": true
            }
          ],
          "store_path": "/nix/store/s6l244rv3j2a28n5c1fzznjbp1phsicy-act-0.2.75"
        },
        "x86_64-darwin": {
          "outputs": [
            {
              "name": "out",
              "path": "/nix/store/j2mvzys9389h575mn5wml8jv6ji29d49-act-0.2.75",
              "default": true
            }
          ],
          "store_path": "/nix/store/j2mvzys9389h575mn5wml8jv6ji29d49-act-0.2.75"
        },
        "x86_64-linux": {
          "outputs": [
            {
              "name": "out",
              "path": "/nix/store/qc48irp0s32rx3n326f0iplh7q9ik4jj-act-0.2.75",
              "default": true
            }
          ],
          "store_path": "/nix/store/qc48irp0s32rx3n326f0iplh7q9ik4jj-act-0.2.75"
        }
      }
    },
    "awscli2@latest": {
      "last_modified": "2025-03-18T04:27:45Z",
      "resolved": "github:NixOS/nixpkgs/3549532663732bfd89993204d40543e9edaec4f2#awscli2",
      "source": "devbox-search",
      "version": "2.24.24",
      "systems": {
        "aarch64-darwin": {
          "outputs": [
            {
              "name": "out",
              "path": "/nix/store/2yb8zaj343sxwvnibnvrkaga5w19bdj9-awscli2-2.24.24",
              "default": true
            },
            {
              "name": "dist",
              "path": "/nix/store/fg4r9a0flxcnxhnnmzp22fpy388fvnlp-awscli2-2.24.24-dist"
            }
          ],
          "store_path": "/nix/store/2yb8zaj343sxwvnibnvrkaga5w19bdj9-awscli2-2.24.24"
        },
        "aarch64-linux": {
          "outputs": [
            {
              "name": "out",
              "path": "/nix/store/753hysvhx2xg6wn2pdvfl0p572kb8nqy-awscli2-2.24.24",
              "default": true
            },
            {
              "name": "dist",
              "path": "/nix/store/ays2panlk307bki0044wjhngci67hr6z-awscli2-2.24.24-dist"
            }
          ],
          "store_path": "/nix/store/753hysvhx2xg6wn2pdvfl0p572kb8nqy-awscli2-2.24.24"
        },
        "x86_64-darwin": {
          "outputs": [
            {
              "name": "out",
              "path": "/nix/store/vxz0ljsa95sa5p4l31h608ac9yjafv9v-awscli2-2.24.24",
              "default": true
            },
            {
              "name": "dist",
              "path": "/nix/store/48h2dzzzy7lrs9z2j8snvxx2jglqvyvi-awscli2-2.24.24-dist"
            }
          ],
          "store_path": "/nix/store/vxz0ljsa95sa5p4l31h608ac9yjafv9v-awscli2-2.24.24"
        },
        "x86_64-linux": {
          "outputs": [
            {
              "name": "out",
              "path": "/nix/store/i3vfwgkbp3a5qpl4zjga771r3mvk5aq7-awscli2-2.24.24",
              "default": true
            },
            {
              "name": "dist",
              "path": "/nix/store/qkw3d8xa8bs8f1q9ppk9199gw8zp5z98-awscli2-2.24.24-dist"
            }
          ],
          "store_path": "/nix/store/i3vfwgkbp3a5qpl4zjga771r3mvk5aq7-awscli2-2.24.24"
        }
      }
    },
    "cosign@latest": {
      "last_modified": "2025-03-11T17:52:14Z",
      "resolved": "github:NixOS/nixpkgs/0d534853a55b5d02a4ababa1d71921ce8f0aee4c#cosign",
      "source": "devbox-search",
      "version": "2.4.3",
      "systems": {
        "aarch64-darwin": {
          "outputs": [
            {
              "name": "out",
              "path": "/nix/store/damj6pbvxjlr54c1pwjirkc7q1jm4bql-cosign-2.4.3",
              "default": true
            }
          ],
          "store_path": "/nix/store/damj6pbvxjlr54c1pwjirkc7q1jm4bql-cosign-2.4.3"
        },
        "aarch64-linux": {
          "outputs": [
            {
              "name": "out",
              "path": "/nix/store/ri5v9blmw6lbvnv9ibjb0a8z0yl0hgbx-cosign-2.4.3",
              "default": true
            }
          ],
          "store_path": "/nix/store/ri5v9blmw6lbvnv9ibjb0a8z0yl0hgbx-cosign-2.4.3"
        },
        "x86_64-darwin": {
          "outputs": [
            {
              "name": "out",
              "path": "/nix/store/2rdmraapcv238yr5q5y8glprvl3bjilh-cosign-2.4.3",
              "default": true
            }
          ],
          "store_path": "/nix/store/2rdmraapcv238yr5q5y8glprvl3bjilh-cosign-2.4.3"
        },
        "x86_64-linux": {
          "outputs": [
            {
              "name": "out",
              "path": "/nix/store/wgdhdckqd4zgiwnj71kmg7dx10frnjvs-cosign-2.4.3",
              "default": true
            }
          ],
          "store_path": "/nix/store/wgdhdckqd4zgiwnj71kmg7dx10frnjvs-cosign-2.4.3"
        }
      }
    },
    "docker-sbom@latest": {
      "last_modified": "2025-03-27T11:50:31Z",
      "resolved": "github:NixOS/nixpkgs/6c5963357f3c1c840201eda129a99d455074db04#docker-sbom",
      "source": "devbox-search",
      "version": "0.6.1",
      "systems": {
        "aarch64-darwin": {
          "outputs": [
            {
              "name": "out",
              "path": "/nix/store/rfwxkn58rhiin79mgzsm07744ib8p6s3-docker-sbom-0.6.1",
              "default": true
            }
          ],
          "store_path": "/nix/store/rfwxkn58rhiin79mgzsm07744ib8p6s3-docker-sbom-0.6.1"
        },
        "aarch64-linux": {
          "outputs": [
            {
              "name": "out",
              "path": "/nix/store/g042c0xbf3gxj7fmmxn51w0aw2rxwjib-docker-sbom-0.6.1",
              "default": true
            }
          ],
          "store_path": "/nix/store/g042c0xbf3gxj7fmmxn51w0aw2rxwjib-docker-sbom-0.6.1"
        },
        "x86_64-darwin": {
          "outputs": [
            {
              "name": "out",
              "path": "/nix/store/9xgg3db0j0xmhpggbw5v67990fr2hfb7-docker-sbom-0.6.1",
              "default": true
            }
          ],
          "store_path": "/nix/store/9xgg3db0j0xmhpggbw5v67990fr2hfb7-docker-sbom-0.6.1"
        },
        "x86_64-linux": {
          "outputs": [
            {
              "name": "out",
              "path": "/nix/store/c3sdsk77cv4gafa408b9cq9fn8r49hvn-docker-sbom-0.6.1",
              "default": true
            }
          ],
          "store_path": "/nix/store/c3sdsk77cv4gafa408b9cq9fn8r49hvn-docker-sbom-0.6.1"
        }
      }
    },
    "docker@latest": {
      "last_modified": "2025-03-27T11:50:31Z",
      "resolved": "github:NixOS/nixpkgs/6c5963357f3c1c840201eda129a99d455074db04#docker",
      "source": "devbox-search",
      "version": "27.5.1",
      "systems": {
        "aarch64-darwin": {
          "outputs": [
            {
              "name": "out",
              "path": "/nix/store/hcrzfrkll0i3khxpy5vbjax9mbqna2h7-docker-27.5.1",
              "default": true
            }
          ],
          "store_path": "/nix/store/hcrzfrkll0i3khxpy5vbjax9mbqna2h7-docker-27.5.1"
        },
        "aarch64-linux": {
          "outputs": [
            {
              "name": "out",
              "path": "/nix/store/sjjj8bcr4mkp10hk6rpwj8dnls1xlg8m-docker-27.5.1",
              "default": true
            }
          ],
          "store_path": "/nix/store/sjjj8bcr4mkp10hk6rpwj8dnls1xlg8m-docker-27.5.1"
        },
        "x86_64-darwin": {
          "outputs": [
            {
              "name": "out",
              "path": "/nix/store/z718glkxf2b0p0d9sdla6n73wzw1r70l-docker-27.5.1",
              "default": true
            }
          ],
          "store_path": "/nix/store/z718glkxf2b0p0d9sdla6n73wzw1r70l-docker-27.5.1"
        },
        "x86_64-linux": {
          "outputs": [
            {
              "name": "out",
              "path": "/nix/store/jxqnf9f2zlplyi9fvm5m55c5x086raf3-docker-27.5.1",
              "default": true
            }
          ],
          "store_path": "/nix/store/jxqnf9f2zlplyi9fvm5m55c5x086raf3-docker-27.5.1"
        }
      }
    },
    "gettext@latest": {
      "last_modified": "2025-03-26T18:47:43Z",
      "resolved": "github:NixOS/nixpkgs/bd3bac8bfb542dbde7ffffb6987a1a1f9d41699f#gettext",
      "source": "devbox-search",
      "version": "0.22.5",
      "systems": {
        "aarch64-darwin": {
          "outputs": [
            {
              "name": "out",
              "path": "/nix/store/a1jgdm4qr6kkdi91qjzz94sqrw645avq-gettext-0.22.5",
              "default": true
            },
            {
              "name": "man",
              "path": "/nix/store/rsrnv9lfdjx3hpjwiygy6cdcrcbkgzcn-gettext-0.22.5-man",
              "default": true
            },
            {
              "name": "doc",
              "path": "/nix/store/gdjxh4ipg90ffbsmkdyjqwl3rrkm3cmy-gettext-0.22.5-doc"
            },
            {
              "name": "info",
              "path": "/nix/store/m4vv8f5j7qa63z6pqrwgc26v1a65bc4v-gettext-0.22.5-info"
            }
          ],
          "store_path": "/nix/store/a1jgdm4qr6kkdi91qjzz94sqrw645avq-gettext-0.22.5"
        },
        "aarch64-linux": {
          "outputs": [
            {
              "name": "out",
              "path": "/nix/store/bkzjvdnvndbzyxc882l2wavla88njmrx-gettext-0.22.5",
              "default": true
            },
            {
              "name": "man",
              "path": "/nix/store/jmwfjyw8cxxbr06gvpqny7dfh68d05vs-gettext-0.22.5-man",
              "default": true
            },
            {
              "name": "info",
              "path": "/nix/store/ri8pzwk0rhggy126z1h53p0jh4mag1m8-gettext-0.22.5-info"
            },
            {
              "name": "doc",
              "path": "/nix/store/8mfcmcx19jkcci0qpi5s7fcd4pfbnxir-gettext-0.22.5-doc"
            }
          ],
          "store_path": "/nix/store/bkzjvdnvndbzyxc882l2wavla88njmrx-gettext-0.22.5"
        },
        "x86_64-darwin": {
          "outputs": [
            {
              "name": "out",
              "path": "/nix/store/cbcjvcl925nnxbfznb0nri7w3hx94wr3-gettext-0.22.5",
              "default": true
            },
            {
              "name": "man",
              "path": "/nix/store/mmdcnag4nxvsyhd39xvjgr4mwwjrqahj-gettext-0.22.5-man",
              "default": true
            },
            {
              "name": "doc",
              "path": "/nix/store/q2ls4xs5zdm0wip675cah6b94jcldm7x-gettext-0.22.5-doc"
            },
            {
              "name": "info",
              "path": "/nix/store/5chkq8f5yzhbkjxyx1hfjv6phmcc091s-gettext-0.22.5-info"
            }
          ],
          "store_path": "/nix/store/cbcjvcl925nnxbfznb0nri7w3hx94wr3-gettext-0.22.5"
        },
        "x86_64-linux": {
          "outputs": [
            {
              "name": "out",
              "path": "/nix/store/mhmgm739aagj4x7hr6ag2wjmxhmpy8mf-gettext-0.22.5",
              "default": true
            },
            {
              "name": "man",
              "path": "/nix/store/qr0siwr0hl9h19lnijhfcl7wzrmi9j87-gettext-0.22.5-man",
              "default": true
            },
            {
              "name": "doc",
              "path": "/nix/store/z43mkzvzc7xslgkma6wnc6i770fy7c8v-gettext-0.22.5-doc"
            },
            {
              "name": "info",
              "path": "/nix/store/h4admr16lqas74w0nj90pij9jyg3lzbh-gettext-0.22.5-info"
            }
          ],
          "store_path": "/nix/store/mhmgm739aagj4x7hr6ag2wjmxhmpy8mf-gettext-0.22.5"
        }
      }
    },
    "ginkgo@latest": {
      "last_modified": "2025-03-21T08:42:37Z",
      "resolved": "github:NixOS/nixpkgs/bfa9810ff7104a17555ab68ebdeafb6705f129b1#ginkgo",
      "source": "devbox-search",
      "version": "2.23.1",
      "systems": {
        "aarch64-darwin": {
          "outputs": [
            {
              "name": "out",
              "path": "/nix/store/zbv1pkip939avkjk80phck4g70ggldfg-ginkgo-2.23.1",
              "default": true
            }
          ],
          "store_path": "/nix/store/zbv1pkip939avkjk80phck4g70ggldfg-ginkgo-2.23.1"
        },
        "aarch64-linux": {
          "outputs": [
            {
              "name": "out",
              "path": "/nix/store/j1mwy0ajz6phq0q41njgwp6lai1740zc-ginkgo-2.23.1",
              "default": true
            }
          ],
          "store_path": "/nix/store/j1mwy0ajz6phq0q41njgwp6lai1740zc-ginkgo-2.23.1"
        },
        "x86_64-darwin": {
          "outputs": [
            {
              "name": "out",
              "path": "/nix/store/3i37fbzn2zwrlbpd17lp7f4fxkvmgmjp-ginkgo-2.23.1",
              "default": true
            }
          ],
          "store_path": "/nix/store/3i37fbzn2zwrlbpd17lp7f4fxkvmgmjp-ginkgo-2.23.1"
        },
        "x86_64-linux": {
          "outputs": [
            {
              "name": "out",
              "path": "/nix/store/klcv140dxrbg1sf79fyjhkkid2b73lnl-ginkgo-2.23.1",
              "default": true
            }
          ],
          "store_path": "/nix/store/klcv140dxrbg1sf79fyjhkkid2b73lnl-ginkgo-2.23.1"
        }
      }
    },
    "git@latest": {
      "last_modified": "2025-03-22T01:19:59Z",
      "resolved": "github:NixOS/nixpkgs/0740f6f238767d4caf9afe774d3e88105766dfc6#git",
      "source": "devbox-search",
      "version": "2.48.1",
      "systems": {
        "aarch64-darwin": {
          "outputs": [
            {
              "name": "out",
              "path": "/nix/store/b3sci30zzzlj3rzj1y89cijnd6zcwapk-git-2.48.1",
              "default": true
            },
            {
              "name": "doc",
              "path": "/nix/store/086knqdw7fjgzczp0i6nad95s2v6jbya-git-2.48.1-doc"
            }
          ],
          "store_path": "/nix/store/b3sci30zzzlj3rzj1y89cijnd6zcwapk-git-2.48.1"
        },
        "aarch64-linux": {
          "outputs": [
            {
              "name": "out",
              "path": "/nix/store/pck1dr5jxrd5b8nmfasbn13z422jhcfm-git-2.48.1",
              "default": true
            },
            {
              "name": "debug",
              "path": "/nix/store/xqqsvzlilh843rm6knykyng81apapr33-git-2.48.1-debug"
            },
            {
              "name": "doc",
              "path": "/nix/store/485b32ys0s2dvjfisn7405ildmpqvfzk-git-2.48.1-doc"
            }
          ],
          "store_path": "/nix/store/pck1dr5jxrd5b8nmfasbn13z422jhcfm-git-2.48.1"
        },
        "x86_64-darwin": {
          "outputs": [
            {
              "name": "out",
              "path": "/nix/store/9qjzgsf9mvdp6sfd7xyzhgrahl2qhhp6-git-2.48.1",
              "default": true
            },
            {
              "name": "doc",
              "path": "/nix/store/cgv7qa0ix059ma9a0qac0bywfvl3k7k2-git-2.48.1-doc"
            }
          ],
          "store_path": "/nix/store/9qjzgsf9mvdp6sfd7xyzhgrahl2qhhp6-git-2.48.1"
        },
        "x86_64-linux": {
          "outputs": [
            {
              "name": "out",
              "path": "/nix/store/pl9krbxnhawd4n5kxsm6m5i5mjhbw48q-git-2.48.1",
              "default": true
            },
            {
              "name": "debug",
              "path": "/nix/store/s0a07h6m6lpcv67954y3vag35np716sf-git-2.48.1-debug"
            },
            {
              "name": "doc",
              "path": "/nix/store/fkrfnnwc7a7rq86rrnb9j2474wy8qkbm-git-2.48.1-doc"
            }
          ],
          "store_path": "/nix/store/pl9krbxnhawd4n5kxsm6m5i5mjhbw48q-git-2.48.1"
        }
      }
    },
    "github:NixOS/nixpkgs/nixpkgs-unstable": {
      "resolved": "github:NixOS/nixpkgs/6c5963357f3c1c840201eda129a99d455074db04?lastModified=1743076231&narHash=sha256-yQugdVfi316qUfqzN8JMaA2vixl%2B45GxNm4oUfXlbgw%3D"
    },
    "go-mockery@latest": {
      "last_modified": "2025-03-27T11:50:31Z",
      "resolved": "github:NixOS/nixpkgs/6c5963357f3c1c840201eda129a99d455074db04#go-mockery",
      "source": "devbox-search",
      "version": "2.53.3",
      "systems": {
        "aarch64-darwin": {
          "outputs": [
            {
              "name": "out",
              "path": "/nix/store/y5rkpa3x8dcwbj79l7ys72j7hya6qdr5-go-mockery-2.53.3",
              "default": true
            }
          ],
          "store_path": "/nix/store/y5rkpa3x8dcwbj79l7ys72j7hya6qdr5-go-mockery-2.53.3"
        },
        "aarch64-linux": {
          "outputs": [
            {
              "name": "out",
              "path": "/nix/store/87wjl82lxyqd7397acbnlarx0a6sspzk-go-mockery-2.53.3",
              "default": true
            }
          ],
          "store_path": "/nix/store/87wjl82lxyqd7397acbnlarx0a6sspzk-go-mockery-2.53.3"
        },
        "x86_64-darwin": {
          "outputs": [
            {
              "name": "out",
              "path": "/nix/store/mjnalw6kl4mnmy39nvhbqs0kbzkcd0sn-go-mockery-2.53.3",
              "default": true
            }
          ],
          "store_path": "/nix/store/mjnalw6kl4mnmy39nvhbqs0kbzkcd0sn-go-mockery-2.53.3"
        },
        "x86_64-linux": {
          "outputs": [
            {
              "name": "out",
              "path": "/nix/store/psy04fjr97iabb14f54c38dgg87mvazf-go-mockery-2.53.3",
              "default": true
            }
          ],
          "store_path": "/nix/store/psy04fjr97iabb14f54c38dgg87mvazf-go-mockery-2.53.3"
        }
      }
    },
    "go@1.24": {
      "last_modified": "2025-03-11T17:52:14Z",
      "resolved": "github:NixOS/nixpkgs/0d534853a55b5d02a4ababa1d71921ce8f0aee4c#go",
      "source": "devbox-search",
      "version": "1.24.1",
      "systems": {
        "aarch64-darwin": {
          "outputs": [
            {
              "name": "out",
              "path": "/nix/store/ja4jxx60lh1qfqfl4z4p2rff56ia1c3c-go-1.24.1",
              "default": true
            }
          ],
          "store_path": "/nix/store/ja4jxx60lh1qfqfl4z4p2rff56ia1c3c-go-1.24.1"
        },
        "aarch64-linux": {
          "outputs": [
            {
              "name": "out",
              "path": "/nix/store/8ply43gnxk1xwichr81mpgbjcd9a1y5w-go-1.24.1",
              "default": true
            }
          ],
          "store_path": "/nix/store/8ply43gnxk1xwichr81mpgbjcd9a1y5w-go-1.24.1"
        },
        "x86_64-darwin": {
          "outputs": [
            {
              "name": "out",
              "path": "/nix/store/87yxrfx5lh78bdz393i33cr5z23x06q4-go-1.24.1",
              "default": true
            }
          ],
          "store_path": "/nix/store/87yxrfx5lh78bdz393i33cr5z23x06q4-go-1.24.1"
        },
        "x86_64-linux": {
          "outputs": [
            {
              "name": "out",
              "path": "/nix/store/cfjhl0kn7xc65466pha9fkrvigw3g72n-go-1.24.1",
              "default": true
            }
          ],
          "store_path": "/nix/store/cfjhl0kn7xc65466pha9fkrvigw3g72n-go-1.24.1"
        }
      }
    },
    "golangci-lint@1.60": {
      "last_modified": "2024-09-07T06:00:21Z",
      "resolved": "github:NixOS/nixpkgs/29cca090417df03e6d1928d99f77e8e81c74c3fa#golangci-lint",
      "source": "devbox-search",
      "version": "1.60.3",
      "systems": {
        "aarch64-darwin": {
          "outputs": [
            {
              "name": "out",
              "path": "/nix/store/byyqd75qaws3bp84lfnipwdz65y2sms8-golangci-lint-1.60.3",
              "default": true
            }
          ],
          "store_path": "/nix/store/byyqd75qaws3bp84lfnipwdz65y2sms8-golangci-lint-1.60.3"
        },
        "aarch64-linux": {
          "outputs": [
            {
              "name": "out",
              "path": "/nix/store/q76c0iw8rpf1n8v2kwl7shiiymvm2lkn-golangci-lint-1.60.3",
              "default": true
            }
          ],
          "store_path": "/nix/store/q76c0iw8rpf1n8v2kwl7shiiymvm2lkn-golangci-lint-1.60.3"
        },
        "x86_64-darwin": {
          "outputs": [
            {
              "name": "out",
              "path": "/nix/store/4ihxpxi0q56329cnvikv15vcj4lsz17m-golangci-lint-1.60.3",
              "default": true
            }
          ],
          "store_path": "/nix/store/4ihxpxi0q56329cnvikv15vcj4lsz17m-golangci-lint-1.60.3"
        },
        "x86_64-linux": {
          "outputs": [
            {
              "name": "out",
              "path": "/nix/store/ilaacmahr3mfjh2hsfvcsyh7f2gsz0zj-golangci-lint-1.60.3",
              "default": true
            }
          ],
          "store_path": "/nix/store/ilaacmahr3mfjh2hsfvcsyh7f2gsz0zj-golangci-lint-1.60.3"
        }
      }
    },
    "gotests@latest": {
      "last_modified": "2025-03-11T17:52:14Z",
      "resolved": "github:NixOS/nixpkgs/0d534853a55b5d02a4ababa1d71921ce8f0aee4c#gotests",
      "source": "devbox-search",
      "version": "1.6.0",
      "systems": {
        "aarch64-darwin": {
          "outputs": [
            {
              "name": "out",
              "path": "/nix/store/8l88jn28jwg0bg47gqvhrw5d8ipjnf2m-gotests-1.6.0",
              "default": true
            }
          ],
          "store_path": "/nix/store/8l88jn28jwg0bg47gqvhrw5d8ipjnf2m-gotests-1.6.0"
        },
        "aarch64-linux": {
          "outputs": [
            {
              "name": "out",
              "path": "/nix/store/s5b8s88vcyq74a6zgaha4p0v0vh6ga58-gotests-1.6.0",
              "default": true
            }
          ],
          "store_path": "/nix/store/s5b8s88vcyq74a6zgaha4p0v0vh6ga58-gotests-1.6.0"
        },
        "x86_64-darwin": {
          "outputs": [
            {
              "name": "out",
              "path": "/nix/store/wjmfpkdlbzg79sbzy83h3s8ijr3fajap-gotests-1.6.0",
              "default": true
            }
          ],
          "store_path": "/nix/store/wjmfpkdlbzg79sbzy83h3s8ijr3fajap-gotests-1.6.0"
        },
        "x86_64-linux": {
          "outputs": [
            {
              "name": "out",
              "path": "/nix/store/4bvry946wr13xcs212wksfkif02vw750-gotests-1.6.0",
              "default": true
            }
          ],
          "store_path": "/nix/store/4bvry946wr13xcs212wksfkif02vw750-gotests-1.6.0"
        }
      }
    },
    "gotools@latest": {
      "last_modified": "2025-03-11T17:52:14Z",
      "resolved": "github:NixOS/nixpkgs/0d534853a55b5d02a4ababa1d71921ce8f0aee4c#gotools",
      "source": "devbox-search",
      "version": "0.30.0",
      "systems": {
        "aarch64-darwin": {
          "outputs": [
            {
              "name": "out",
              "path": "/nix/store/3kknkbvgi9is1366ghblbdad58pvy4zb-gotools-0.30.0",
              "default": true
            }
          ],
          "store_path": "/nix/store/3kknkbvgi9is1366ghblbdad58pvy4zb-gotools-0.30.0"
        },
        "aarch64-linux": {
          "outputs": [
            {
              "name": "out",
              "path": "/nix/store/gb69dfxvl7lc1b65c0wnwdcvgx92fasv-gotools-0.30.0",
              "default": true
            }
          ],
          "store_path": "/nix/store/gb69dfxvl7lc1b65c0wnwdcvgx92fasv-gotools-0.30.0"
        },
        "x86_64-darwin": {
          "outputs": [
            {
              "name": "out",
              "path": "/nix/store/g3cs9izlv5n3xfw3ipcibgpxprpimzms-gotools-0.30.0",
              "default": true
            }
          ],
          "store_path": "/nix/store/g3cs9izlv5n3xfw3ipcibgpxprpimzms-gotools-0.30.0"
        },
        "x86_64-linux": {
          "outputs": [
            {
              "name": "out",
              "path": "/nix/store/6qa4cxwnb65z689yg276nv951587vrlw-gotools-0.30.0",
              "default": true
            }
          ],
          "store_path": "/nix/store/6qa4cxwnb65z689yg276nv951587vrlw-gotools-0.30.0"
        }
      }
    },
    "govulncheck@latest": {
      "last_modified": "2025-03-11T17:52:14Z",
      "resolved": "github:NixOS/nixpkgs/0d534853a55b5d02a4ababa1d71921ce8f0aee4c#govulncheck",
      "source": "devbox-search",
      "version": "1.1.4",
      "systems": {
        "aarch64-darwin": {
          "outputs": [
            {
              "name": "out",
              "path": "/nix/store/36sfc9vi74pc9dwahxjy85i3k1z13nvi-govulncheck-1.1.4",
              "default": true
            }
          ],
          "store_path": "/nix/store/36sfc9vi74pc9dwahxjy85i3k1z13nvi-govulncheck-1.1.4"
        },
        "aarch64-linux": {
          "outputs": [
            {
              "name": "out",
              "path": "/nix/store/797qvqyn6a7a4s8p71bdimwa7b5dbzwx-govulncheck-1.1.4",
              "default": true
            }
          ],
          "store_path": "/nix/store/797qvqyn6a7a4s8p71bdimwa7b5dbzwx-govulncheck-1.1.4"
        },
        "x86_64-darwin": {
          "outputs": [
            {
              "name": "out",
              "path": "/nix/store/c1p4jrmjzprpp87wz91h2jmj4zk9nvkl-govulncheck-1.1.4",
              "default": true
            }
          ],
          "store_path": "/nix/store/c1p4jrmjzprpp87wz91h2jmj4zk9nvkl-govulncheck-1.1.4"
        },
        "x86_64-linux": {
          "outputs": [
            {
              "name": "out",
              "path": "/nix/store/ngl9s33bagc9a10fnfgwmbldy91p8iww-govulncheck-1.1.4",
              "default": true
            }
          ],
          "store_path": "/nix/store/ngl9s33bagc9a10fnfgwmbldy91p8iww-govulncheck-1.1.4"
        }
      }
    },
    "jq@latest": {
      "last_modified": "2025-03-27T11:50:31Z",
      "resolved": "github:NixOS/nixpkgs/6c5963357f3c1c840201eda129a99d455074db04#jq",
      "source": "devbox-search",
      "version": "1.7.1",
      "systems": {
        "aarch64-darwin": {
          "outputs": [
            {
              "name": "bin",
              "path": "/nix/store/6njxc4ma96r9qc88scwsmnh64a086yrn-jq-1.7.1-bin",
              "default": true
            },
            {
              "name": "man",
              "path": "/nix/store/806zwhmy9qkp695x9y4c373fpcz8ql7i-jq-1.7.1-man",
              "default": true
            },
            {
              "name": "out",
              "path": "/nix/store/7h4z72g5bpfwcnmc0a77x3aqp8vg0h0f-jq-1.7.1"
            },
            {
              "name": "dev",
              "path": "/nix/store/haxb6i05p1ganzinkzk3xib7d8zg2zzd-jq-1.7.1-dev"
            },
            {
              "name": "doc",
              "path": "/nix/store/d1ij699i2mbwix1my3b8k7ckfykhrp1m-jq-1.7.1-doc"
            }
          ],
          "store_path": "/nix/store/6njxc4ma96r9qc88scwsmnh64a086yrn-jq-1.7.1-bin"
        },
        "aarch64-linux": {
          "outputs": [
            {
              "name": "bin",
              "path": "/nix/store/xv6l5qpmjm1cm1v519d3zzx72givc912-jq-1.7.1-bin",
              "default": true
            },
            {
              "name": "man",
              "path": "/nix/store/pbq5gvwvgbfx0njjvx7zaijhn9jxgv9j-jq-1.7.1-man",
              "default": true
            },
            {
              "name": "dev",
              "path": "/nix/store/79rh194hlm4y033ry74mhm5c1gzhicxh-jq-1.7.1-dev"
            },
            {
              "name": "doc",
              "path": "/nix/store/58k6ajhi376snpa2qx9nmismqwr23fi6-jq-1.7.1-doc"
            },
            {
              "name": "out",
              "path": "/nix/store/dr03sim3pqyxh2aakwzmp19l54alic6c-jq-1.7.1"
            }
          ],
          "store_path": "/nix/store/xv6l5qpmjm1cm1v519d3zzx72givc912-jq-1.7.1-bin"
        },
        "x86_64-darwin": {
          "outputs": [
            {
              "name": "bin",
              "path": "/nix/store/8xh7an43y0xkawgf0pb7mxvcr20l17qh-jq-1.7.1-bin",
              "default": true
            },
            {
              "name": "man",
              "path": "/nix/store/72iz7d48dslq7dlba92f72gcqiwy1bnv-jq-1.7.1-man",
              "default": true
            },
            {
              "name": "out",
              "path": "/nix/store/yv3i7vxi014xhly4dv8lkgh05p2n5wsy-jq-1.7.1"
            },
            {
              "name": "dev",
              "path": "/nix/store/x1rvxbvad0bkmrb849likb36kp44p6k3-jq-1.7.1-dev"
            },
            {
              "name": "doc",
              "path": "/nix/store/y7riwf6jr799jvd9v8aj5626ix6w4s6v-jq-1.7.1-doc"
            }
          ],
          "store_path": "/nix/store/8xh7an43y0xkawgf0pb7mxvcr20l17qh-jq-1.7.1-bin"
        },
        "x86_64-linux": {
          "outputs": [
            {
              "name": "bin",
              "path": "/nix/store/gpxsdrrd4x93fs75395vr2dfys1ki9mq-jq-1.7.1-bin",
              "default": true
            },
            {
              "name": "man",
              "path": "/nix/store/0h33kdarki6bp6pwf7xc5rzjnx8ky4j4-jq-1.7.1-man",
              "default": true
            },
            {
              "name": "dev",
              "path": "/nix/store/ld8ys81ch5fj94j0jrwbkgwwjxmbwdxh-jq-1.7.1-dev"
            },
            {
              "name": "doc",
              "path": "/nix/store/nhg3x57268kb3q1021w3m002xxqpj50w-jq-1.7.1-doc"
            },
            {
              "name": "out",
              "path": "/nix/store/ma6hybrgazb471pd53mwnvh1vsv87cxb-jq-1.7.1"
            }
          ],
          "store_path": "/nix/store/gpxsdrrd4x93fs75395vr2dfys1ki9mq-jq-1.7.1-bin"
        }
      }
    },
    "kubebuilder@4.1.1": {
      "last_modified": "2024-08-31T10:12:23Z",
      "resolved": "github:NixOS/nixpkgs/5629520edecb69630a3f4d17d3d33fc96c13f6fe#kubebuilder",
      "source": "devbox-search",
      "version": "4.1.1",
      "systems": {
        "aarch64-darwin": {
          "outputs": [
            {
              "name": "out",
              "path": "/nix/store/mjjfab1knf8kwzcdmi5bpm17ykiqm0f8-kubebuilder-4.1.1",
              "default": true
            }
          ],
          "store_path": "/nix/store/mjjfab1knf8kwzcdmi5bpm17ykiqm0f8-kubebuilder-4.1.1"
        },
        "aarch64-linux": {
          "outputs": [
            {
              "name": "out",
              "path": "/nix/store/jbspkcg7n3h8wfqwrpc55n067z2vvdpx-kubebuilder-4.1.1",
              "default": true
            }
          ],
          "store_path": "/nix/store/jbspkcg7n3h8wfqwrpc55n067z2vvdpx-kubebuilder-4.1.1"
        },
        "x86_64-darwin": {
          "outputs": [
            {
              "name": "out",
              "path": "/nix/store/n0k0k1ynm7nzq0r8vbshwwwl5f483d5c-kubebuilder-4.1.1",
              "default": true
            }
          ],
          "store_path": "/nix/store/n0k0k1ynm7nzq0r8vbshwwwl5f483d5c-kubebuilder-4.1.1"
        },
        "x86_64-linux": {
          "outputs": [
            {
              "name": "out",
              "path": "/nix/store/4ayrlq6fj6ki0wi4ixiip86cda3l5g8n-kubebuilder-4.1.1",
              "default": true
            }
          ],
          "store_path": "/nix/store/4ayrlq6fj6ki0wi4ixiip86cda3l5g8n-kubebuilder-4.1.1"
        }
      }
    },
    "kubectl@latest": {
      "last_modified": "2025-03-23T05:31:05Z",
      "resolved": "github:NixOS/nixpkgs/dd613136ee91f67e5dba3f3f41ac99ae89c5406b#kubectl",
      "source": "devbox-search",
      "version": "1.32.3",
      "systems": {
        "aarch64-darwin": {
          "outputs": [
            {
              "name": "out",
              "path": "/nix/store/7b2rpxkv6v4a29bk9dp4gqs57zhf9v9p-kubectl-1.32.3",
              "default": true
            },
            {
              "name": "man",
              "path": "/nix/store/rm3753bbn2kxmwyxy7rir8z80g71lrrx-kubectl-1.32.3-man",
              "default": true
            },
            {
              "name": "convert",
              "path": "/nix/store/fi6g9qi63p7ivvz3qsipfaxmym7qi623-kubectl-1.32.3-convert"
            }
          ],
          "store_path": "/nix/store/7b2rpxkv6v4a29bk9dp4gqs57zhf9v9p-kubectl-1.32.3"
        },
        "aarch64-linux": {
          "outputs": [
            {
              "name": "out",
              "path": "/nix/store/xxngczzyxq22m1i8pc9a57w16kzir33f-kubectl-1.32.3",
              "default": true
            },
            {
              "name": "man",
              "path": "/nix/store/n547iajzrqypmy89s5j2iyrdjn56fd5v-kubectl-1.32.3-man",
              "default": true
            },
            {
              "name": "convert",
              "path": "/nix/store/0frwvbmd2zxx2n1s7vw15cbdj7iw95js-kubectl-1.32.3-convert"
            }
          ],
          "store_path": "/nix/store/xxngczzyxq22m1i8pc9a57w16kzir33f-kubectl-1.32.3"
        },
        "x86_64-darwin": {
          "outputs": [
            {
              "name": "out",
              "path": "/nix/store/95lpgw52n8x18ams6bz9nm68sml870rs-kubectl-1.32.3",
              "default": true
            },
            {
              "name": "man",
              "path": "/nix/store/3ilj3sca004bmzi0kp2lwihbqb2j2j2l-kubectl-1.32.3-man",
              "default": true
            },
            {
              "name": "convert",
              "path": "/nix/store/k2wr9b02pgyj7r5fz959vxys2w3s4j5v-kubectl-1.32.3-convert"
            }
          ],
          "store_path": "/nix/store/95lpgw52n8x18ams6bz9nm68sml870rs-kubectl-1.32.3"
        },
        "x86_64-linux": {
          "outputs": [
            {
              "name": "out",
              "path": "/nix/store/yaqxnlxynfil1c6lvxfrnmh06yfqarn8-kubectl-1.32.3",
              "default": true
            },
            {
              "name": "man",
              "path": "/nix/store/xdh1fr0b4dnladi7dwa0q2vwf878g9qd-kubectl-1.32.3-man",
              "default": true
            },
            {
              "name": "convert",
              "path": "/nix/store/5x3bhl684w2lmpg7k5dl8rz1408ci32g-kubectl-1.32.3-convert"
            }
          ],
          "store_path": "/nix/store/yaqxnlxynfil1c6lvxfrnmh06yfqarn8-kubectl-1.32.3"
        }
      }
    },
    "kubernetes-controller-tools@0.16.1": {
      "last_modified": "2024-09-10T15:01:03Z",
      "resolved": "github:NixOS/nixpkgs/5ed627539ac84809c78b2dd6d26a5cebeb5ae269#kubernetes-controller-tools",
      "source": "devbox-search",
      "version": "0.16.1",
      "systems": {
        "aarch64-darwin": {
          "outputs": [
            {
              "name": "out",
              "path": "/nix/store/81ynvd61f8jha78p44r6ya7rsf5292qb-controller-tools-0.16.1",
              "default": true
            }
          ],
          "store_path": "/nix/store/81ynvd61f8jha78p44r6ya7rsf5292qb-controller-tools-0.16.1"
        },
        "aarch64-linux": {
          "outputs": [
            {
              "name": "out",
              "path": "/nix/store/c2aaf01sisq5ai2zjgnqaxbykxghqy1h-controller-tools-0.16.1",
              "default": true
            }
          ],
          "store_path": "/nix/store/c2aaf01sisq5ai2zjgnqaxbykxghqy1h-controller-tools-0.16.1"
        },
        "x86_64-darwin": {
          "outputs": [
            {
              "name": "out",
              "path": "/nix/store/42ar5zfn1ycr6pg13q74r4bcrg89pwc5-controller-tools-0.16.1",
              "default": true
            }
          ],
          "store_path": "/nix/store/42ar5zfn1ycr6pg13q74r4bcrg89pwc5-controller-tools-0.16.1"
        },
        "x86_64-linux": {
          "outputs": [
            {
              "name": "out",
              "path": "/nix/store/a28n08d6knfjdirnnn1n7ynn5dijccml-controller-tools-0.16.1",
              "default": true
            }
          ],
          "store_path": "/nix/store/a28n08d6knfjdirnnn1n7ynn5dijccml-controller-tools-0.16.1"
        }
      }
    },
    "kubernetes-helm@latest": {
      "last_modified": "2025-03-16T16:17:41Z",
      "resolved": "github:NixOS/nixpkgs/8f76cf16b17c51ae0cc8e55488069593f6dab645#kubernetes-helm",
      "source": "devbox-search",
      "version": "3.17.2",
      "systems": {
        "aarch64-darwin": {
          "outputs": [
            {
              "name": "out",
              "path": "/nix/store/0zb6130k4msbr1dnjh3bi8h0930mdzfi-kubernetes-helm-3.17.2",
              "default": true
            }
          ],
          "store_path": "/nix/store/0zb6130k4msbr1dnjh3bi8h0930mdzfi-kubernetes-helm-3.17.2"
        },
        "aarch64-linux": {
          "outputs": [
            {
              "name": "out",
              "path": "/nix/store/j3rj0k8ry052m17gk81cab5fp39jnxb1-kubernetes-helm-3.17.2",
              "default": true
            }
          ],
          "store_path": "/nix/store/j3rj0k8ry052m17gk81cab5fp39jnxb1-kubernetes-helm-3.17.2"
        },
        "x86_64-darwin": {
          "outputs": [
            {
              "name": "out",
              "path": "/nix/store/r10crkfz1nfn5yq18670jbsbjf09l4fg-kubernetes-helm-3.17.2",
              "default": true
            }
          ],
          "store_path": "/nix/store/r10crkfz1nfn5yq18670jbsbjf09l4fg-kubernetes-helm-3.17.2"
        },
        "x86_64-linux": {
          "outputs": [
            {
              "name": "out",
              "path": "/nix/store/0lhjm5b1k49rsirsrvsqasbrv1im6w6j-kubernetes-helm-3.17.2",
              "default": true
            }
          ],
          "store_path": "/nix/store/0lhjm5b1k49rsirsrvsqasbrv1im6w6j-kubernetes-helm-3.17.2"
        }
      }
    },
    "kustomize@4.3": {
      "last_modified": "2021-10-22T02:15:45Z",
      "resolved": "github:NixOS/nixpkgs/718895c14907b60069520b6394b4dbb6e3aa9c33#kustomize",
      "source": "devbox-search",
      "version": "4.3.0",
      "systems": {
        "aarch64-darwin": {
          "outputs": [
            {
              "path": "/nix/store/72hchxzawfrj0ayhqcb57wyz11320w13-kustomize-4.3.0",
              "default": true
            }
          ]
        },
        "x86_64-linux": {
          "outputs": [
            {
              "path": "/nix/store/cyxijsvrvl4v986z606yirrdk4pzcqj8-kustomize-4.3.0",
              "default": true
            }
          ]
        }
      }
    },
    "operator-sdk@1.36.1": {
      "last_modified": "2024-09-10T15:01:03Z",
      "resolved": "github:NixOS/nixpkgs/5ed627539ac84809c78b2dd6d26a5cebeb5ae269#operator-sdk",
      "source": "devbox-search",
      "version": "1.36.1",
      "systems": {
        "aarch64-darwin": {
          "outputs": [
            {
              "name": "out",
              "path": "/nix/store/cmzhlf5ccjc3ps1bgf9wxcvx6xak518b-operator-sdk-1.36.1",
              "default": true
            }
          ],
          "store_path": "/nix/store/cmzhlf5ccjc3ps1bgf9wxcvx6xak518b-operator-sdk-1.36.1"
        },
        "aarch64-linux": {
          "outputs": [
            {
              "name": "out",
              "path": "/nix/store/fy9968gdpy5lmi8hhfjcv1jfidxmpr0i-operator-sdk-1.36.1",
              "default": true
            }
          ],
          "store_path": "/nix/store/fy9968gdpy5lmi8hhfjcv1jfidxmpr0i-operator-sdk-1.36.1"
        },
        "x86_64-darwin": {
          "outputs": [
            {
              "name": "out",
              "path": "/nix/store/awimsm4xgvilaa9afnadljmiaxb0f969-operator-sdk-1.36.1",
              "default": true
            }
          ],
          "store_path": "/nix/store/awimsm4xgvilaa9afnadljmiaxb0f969-operator-sdk-1.36.1"
        },
        "x86_64-linux": {
          "outputs": [
            {
              "name": "out",
              "path": "/nix/store/0n2mm7rkk7789cn7559mic9jvz7zaf93-operator-sdk-1.36.1",
              "default": true
            }
          ],
          "store_path": "/nix/store/0n2mm7rkk7789cn7559mic9jvz7zaf93-operator-sdk-1.36.1"
        }
      }
    },
    "setup-envtest@0.18.2": {
      "last_modified": "2024-09-10T15:01:03Z",
      "resolved": "github:NixOS/nixpkgs/5ed627539ac84809c78b2dd6d26a5cebeb5ae269#setup-envtest",
      "source": "devbox-search",
      "version": "0.18.2",
      "systems": {
        "aarch64-darwin": {
          "outputs": [
            {
              "name": "out",
              "path": "/nix/store/kc22jbvb811zysi9245w4nimyipr2dyz-setup-envtest-0.18.2",
              "default": true
            }
          ],
          "store_path": "/nix/store/kc22jbvb811zysi9245w4nimyipr2dyz-setup-envtest-0.18.2"
        },
        "aarch64-linux": {
          "outputs": [
            {
              "name": "out",
              "path": "/nix/store/0x6wm35hdh1h1lpcq2s5akj2y1s17apy-setup-envtest-0.18.2",
              "default": true
            }
          ],
          "store_path": "/nix/store/0x6wm35hdh1h1lpcq2s5akj2y1s17apy-setup-envtest-0.18.2"
        },
        "x86_64-darwin": {
          "outputs": [
            {
              "name": "out",
              "path": "/nix/store/mhv8afglwwy8ajb1c5s4xdc0c3p1s9m7-setup-envtest-0.18.2",
              "default": true
            }
          ],
          "store_path": "/nix/store/mhv8afglwwy8ajb1c5s4xdc0c3p1s9m7-setup-envtest-0.18.2"
        },
        "x86_64-linux": {
          "outputs": [
            {
              "name": "out",
              "path": "/nix/store/7rlfhmyxv2hnhqjrj1xmgy6ygkis8fwm-setup-envtest-0.18.2",
              "default": true
            }
          ],
          "store_path": "/nix/store/7rlfhmyxv2hnhqjrj1xmgy6ygkis8fwm-setup-envtest-0.18.2"
        }
      }
    },
    "shellcheck@latest": {
      "last_modified": "2025-03-11T17:52:14Z",
      "resolved": "github:NixOS/nixpkgs/0d534853a55b5d02a4ababa1d71921ce8f0aee4c#shellcheck",
      "source": "devbox-search",
      "version": "0.10.0",
      "systems": {
        "aarch64-darwin": {
          "outputs": [
            {
              "name": "bin",
              "path": "/nix/store/325gxaqj2jf8is7bl9l76xrg4lshm72f-shellcheck-0.10.0-bin",
              "default": true
            },
            {
              "name": "man",
              "path": "/nix/store/g62azyf0p9xj0d9j90dr7yhasbdnm7dk-shellcheck-0.10.0-man",
              "default": true
            },
            {
              "name": "doc",
              "path": "/nix/store/rjln13sbb4g1i6izlymwdj0ns5mlkdk9-shellcheck-0.10.0-doc",
              "default": true
            },
            {
              "name": "out",
              "path": "/nix/store/ch4cq7jdr08fm5anfwj9jr559v8lq5i2-shellcheck-0.10.0"
            }
          ],
          "store_path": "/nix/store/325gxaqj2jf8is7bl9l76xrg4lshm72f-shellcheck-0.10.0-bin"
        },
        "aarch64-linux": {
          "outputs": [
            {
              "name": "bin",
              "path": "/nix/store/37d0mp1kflgbkpgvk05fjf2xh2li4mj7-shellcheck-0.10.0-bin",
              "default": true
            },
            {
              "name": "man",
              "path": "/nix/store/jir1ky4dcpdq6ydyn5jl43ixcr84phw8-shellcheck-0.10.0-man",
              "default": true
            },
            {
              "name": "doc",
              "path": "/nix/store/zq69h86hz0xj1vjcpyfrlgmwmbs9pyh5-shellcheck-0.10.0-doc",
              "default": true
            },
            {
              "name": "out",
              "path": "/nix/store/7yn2p18qf9pal98dicmj4als7pn94pzw-shellcheck-0.10.0"
            }
          ],
          "store_path": "/nix/store/37d0mp1kflgbkpgvk05fjf2xh2li4mj7-shellcheck-0.10.0-bin"
        },
        "x86_64-darwin": {
          "outputs": [
            {
              "name": "bin",
              "path": "/nix/store/k17i8v7crc5hv7lzi490hjg40rc1xmvz-shellcheck-0.10.0-bin",
              "default": true
            },
            {
              "name": "man",
              "path": "/nix/store/cim6ifqys4d38wqx71gkiw9s7wm3m0vh-shellcheck-0.10.0-man",
              "default": true
            },
            {
              "name": "doc",
              "path": "/nix/store/hc649lnlbbwzy50kg81ib3h0bwadv70w-shellcheck-0.10.0-doc",
              "default": true
            },
            {
              "name": "out",
              "path": "/nix/store/vxih59dn7w40cny8v5r28ca5g8kmahvl-shellcheck-0.10.0"
            }
          ],
          "store_path": "/nix/store/k17i8v7crc5hv7lzi490hjg40rc1xmvz-shellcheck-0.10.0-bin"
        },
        "x86_64-linux": {
          "outputs": [
            {
              "name": "bin",
              "path": "/nix/store/9fpjy43dvmhrzdvf6djvfdj76c7xpvmi-shellcheck-0.10.0-bin",
              "default": true
            },
            {
              "name": "man",
              "path": "/nix/store/k6zkrm60hyxm7rvqp91761m2ksx0d1p8-shellcheck-0.10.0-man",
              "default": true
            },
            {
              "name": "doc",
              "path": "/nix/store/bwqhilfkvfayf8269lmfn6077gkrwg3z-shellcheck-0.10.0-doc",
              "default": true
            },
            {
              "name": "out",
              "path": "/nix/store/xf4c1r7dahlnwl3d9mww2c339is3rrqc-shellcheck-0.10.0"
            }
          ],
          "store_path": "/nix/store/9fpjy43dvmhrzdvf6djvfdj76c7xpvmi-shellcheck-0.10.0-bin"
        }
      }
    },
    "wget@latest": {
      "last_modified": "2025-03-11T17:52:14Z",
      "resolved": "github:NixOS/nixpkgs/0d534853a55b5d02a4ababa1d71921ce8f0aee4c#wget",
      "source": "devbox-search",
      "version": "1.25.0",
      "systems": {
        "aarch64-darwin": {
          "outputs": [
            {
              "name": "out",
              "path": "/nix/store/bhaparlbs0ffqgjjsjz319pz95fml4lq-wget-1.25.0",
              "default": true
            }
          ],
          "store_path": "/nix/store/bhaparlbs0ffqgjjsjz319pz95fml4lq-wget-1.25.0"
        },
        "aarch64-linux": {
          "outputs": [
            {
              "name": "out",
              "path": "/nix/store/l385w73qfyi9cs6z0pxxv734xrr5jrcz-wget-1.25.0",
              "default": true
            }
          ],
          "store_path": "/nix/store/l385w73qfyi9cs6z0pxxv734xrr5jrcz-wget-1.25.0"
        },
        "x86_64-darwin": {
          "outputs": [
            {
              "name": "out",
              "path": "/nix/store/ldwq4w5kj1n7j1ps653y41n7v5hn2zis-wget-1.25.0",
              "default": true
            }
          ],
          "store_path": "/nix/store/ldwq4w5kj1n7j1ps653y41n7v5hn2zis-wget-1.25.0"
        },
        "x86_64-linux": {
          "outputs": [
            {
              "name": "out",
              "path": "/nix/store/jg177aaczad8jf3520hhlhwqzzqg4x24-wget-1.25.0",
              "default": true
            }
          ],
          "store_path": "/nix/store/jg177aaczad8jf3520hhlhwqzzqg4x24-wget-1.25.0"
        }
      }
    },
    "yq-go@latest": {
      "last_modified": "2025-03-11T17:52:14Z",
      "resolved": "github:NixOS/nixpkgs/0d534853a55b5d02a4ababa1d71921ce8f0aee4c#yq-go",
      "source": "devbox-search",
      "version": "4.45.1",
      "systems": {
        "aarch64-darwin": {
          "outputs": [
            {
              "name": "out",
              "path": "/nix/store/m92kn50px5czhrjmcd9vq674bpkg3ykj-yq-go-4.45.1",
              "default": true
            }
          ],
          "store_path": "/nix/store/m92kn50px5czhrjmcd9vq674bpkg3ykj-yq-go-4.45.1"
        },
        "aarch64-linux": {
          "outputs": [
            {
              "name": "out",
              "path": "/nix/store/j3n9gm4f277ys5annkc9r8ds2mn1760d-yq-go-4.45.1",
              "default": true
            }
          ],
          "store_path": "/nix/store/j3n9gm4f277ys5annkc9r8ds2mn1760d-yq-go-4.45.1"
        },
        "x86_64-darwin": {
          "outputs": [
            {
              "name": "out",
              "path": "/nix/store/naa1j0ps9v9d51xf63j3r1y4rmslzyzx-yq-go-4.45.1",
              "default": true
            }
          ],
          "store_path": "/nix/store/naa1j0ps9v9d51xf63j3r1y4rmslzyzx-yq-go-4.45.1"
        },
        "x86_64-linux": {
          "outputs": [
            {
              "name": "out",
              "path": "/nix/store/r8lab8vdy98adpil6xvz716168dqx7kn-yq-go-4.45.1",
              "default": true
            }
          ],
          "store_path": "/nix/store/r8lab8vdy98adpil6xvz716168dqx7kn-yq-go-4.45.1"
        }
      }
    }
  }
}
